// !$*UTF8*$!
{
	archiveVersion = 1;
	classes = {
	};
	objectVersion = 48;
	objects = {

/* Begin PBXBuildFile section */
		057C480F4E312CC69FE26442 /* Pods_PilkadaJatengTests.framework in Frameworks */ = {isa = PBXBuildFile; fileRef = 86F697DB3F1842B0F328077F /* Pods_PilkadaJatengTests.framework */; };
		073AF81C62B419A96CB26B3A /* Pods_PilkadaJatengUITests.framework in Frameworks */ = {isa = PBXBuildFile; fileRef = D918A481CFB013ED5C3E121E /* Pods_PilkadaJatengUITests.framework */; };
		8046A59205DFA8ADD6EEF7D9 /* Pods_PilkadaJateng.framework in Frameworks */ = {isa = PBXBuildFile; fileRef = DF09DA17D0668593C8BDE728 /* Pods_PilkadaJateng.framework */; };
		EF508C9A207B164900726589 /* MainTabBarController.swift in Sources */ = {isa = PBXBuildFile; fileRef = EF508C99207B164900726589 /* MainTabBarController.swift */; };
		EF5803812071C85000C8E5E5 /* MateriWacana.swift in Sources */ = {isa = PBXBuildFile; fileRef = EF5803802071C85000C8E5E5 /* MateriWacana.swift */; };
		EF5803842071C8FA00C8E5E5 /* DaftarMateri.swift in Sources */ = {isa = PBXBuildFile; fileRef = EF5803832071C8FA00C8E5E5 /* DaftarMateri.swift */; };
		EF5803882071CA4200C8E5E5 /* MateriWacana+Ext.swift in Sources */ = {isa = PBXBuildFile; fileRef = EF5803872071CA4200C8E5E5 /* MateriWacana+Ext.swift */; };
		EF58038A2071E15F00C8E5E5 /* CardView.swift in Sources */ = {isa = PBXBuildFile; fileRef = EF5803892071E15F00C8E5E5 /* CardView.swift */; };
		EF584435206B2A5500BDBB4C /* DiskusiMessage.swift in Sources */ = {isa = PBXBuildFile; fileRef = EF584434206B2A5500BDBB4C /* DiskusiMessage.swift */; };
		EF584438206B306700BDBB4C /* ChannelViewController.swift in Sources */ = {isa = PBXBuildFile; fileRef = EF584437206B306700BDBB4C /* ChannelViewController.swift */; };
		EF58443D206B341300BDBB4C /* Chat+MessageInputBarDelegate.swift in Sources */ = {isa = PBXBuildFile; fileRef = EF58443C206B341300BDBB4C /* Chat+MessageInputBarDelegate.swift */; };
		EF58443F206B34F200BDBB4C /* Chat+MessagesDataSource.swift in Sources */ = {isa = PBXBuildFile; fileRef = EF58443E206B34F200BDBB4C /* Chat+MessagesDataSource.swift */; };
		EF584441206B3B6B00BDBB4C /* Chat+MessagesLayoutDelegate.swift in Sources */ = {isa = PBXBuildFile; fileRef = EF584440206B3B6B00BDBB4C /* Chat+MessagesLayoutDelegate.swift */; };
		EF584443206B3BD600BDBB4C /* Chat+MessagesDisplayDelegate.swift in Sources */ = {isa = PBXBuildFile; fileRef = EF584442206B3BD600BDBB4C /* Chat+MessagesDisplayDelegate.swift */; };
		EF584445206B3C0600BDBB4C /* Chat+MessagesCellDelegate.swift in Sources */ = {isa = PBXBuildFile; fileRef = EF584444206B3C0600BDBB4C /* Chat+MessagesCellDelegate.swift */; };
		EF584447206B42CE00BDBB4C /* Channel.swift in Sources */ = {isa = PBXBuildFile; fileRef = EF584446206B42CE00BDBB4C /* Channel.swift */; };
		EF584449206B5D8200BDBB4C /* ChatService.swift in Sources */ = {isa = PBXBuildFile; fileRef = EF584448206B5D8200BDBB4C /* ChatService.swift */; };
		EF58444B206B5E5C00BDBB4C /* ChannelService.swift in Sources */ = {isa = PBXBuildFile; fileRef = EF58444A206B5E5C00BDBB4C /* ChannelService.swift */; };
		EF58444E206B645700BDBB4C /* ChannelTableViewCell.swift in Sources */ = {isa = PBXBuildFile; fileRef = EF58444C206B645700BDBB4C /* ChannelTableViewCell.swift */; };
		EF58444F206B645700BDBB4C /* ChannelTableViewCell.xib in Resources */ = {isa = PBXBuildFile; fileRef = EF58444D206B645700BDBB4C /* ChannelTableViewCell.xib */; };
		EF584451206B6C6E00BDBB4C /* Set+Ext.swift in Sources */ = {isa = PBXBuildFile; fileRef = EF584450206B6C6E00BDBB4C /* Set+Ext.swift */; };
		EF584453206B6E9A00BDBB4C /* Array+Ext.swift in Sources */ = {isa = PBXBuildFile; fileRef = EF584452206B6E9A00BDBB4C /* Array+Ext.swift */; };
		EF584455206B77EB00BDBB4C /* Date+Ext.swift in Sources */ = {isa = PBXBuildFile; fileRef = EF584454206B77EB00BDBB4C /* Date+Ext.swift */; };
		EF584457206B79D000BDBB4C /* Chat+MessageViewController.swift in Sources */ = {isa = PBXBuildFile; fileRef = EF584456206B79D000BDBB4C /* Chat+MessageViewController.swift */; };
		EF5C92262075C0C300DE876C /* CommentTableViewCell.swift in Sources */ = {isa = PBXBuildFile; fileRef = EF5C92242075C0C200DE876C /* CommentTableViewCell.swift */; };
		EF5C92272075C0C300DE876C /* CommentTableViewCell.xib in Resources */ = {isa = PBXBuildFile; fileRef = EF5C92252075C0C200DE876C /* CommentTableViewCell.xib */; };
		EF5C922A2075FA6B00DE876C /* UIViewController+Ext.swift in Sources */ = {isa = PBXBuildFile; fileRef = EF5C92292075FA6B00DE876C /* UIViewController+Ext.swift */; };
		EF65D5AD2074AFFF00C52D21 /* CommentService.swift in Sources */ = {isa = PBXBuildFile; fileRef = EF65D5AC2074AFFF00C52D21 /* CommentService.swift */; };
		EF65D5AF2074B1ED00C52D21 /* Comment.swift in Sources */ = {isa = PBXBuildFile; fileRef = EF65D5AE2074B1ED00C52D21 /* Comment.swift */; };
		EF65D5B12074B39E00C52D21 /* CommentViewController.swift in Sources */ = {isa = PBXBuildFile; fileRef = EF65D5B02074B39E00C52D21 /* CommentViewController.swift */; };
		EF65D5B32074CDC100C52D21 /* CommentViewController.xib in Resources */ = {isa = PBXBuildFile; fileRef = EF65D5B22074CDC100C52D21 /* CommentViewController.xib */; };
		EF7F6E80206F74C2002B2641 /* materi_wacana.json in Resources */ = {isa = PBXBuildFile; fileRef = EF7F6E7F206F74C2002B2641 /* materi_wacana.json */; };
		EF7F6E82206F74FE002B2641 /* WacanaService.swift in Sources */ = {isa = PBXBuildFile; fileRef = EF7F6E81206F74FE002B2641 /* WacanaService.swift */; };
		EF957B232068C18D000E2098 /* InformasiCalonCollectionViewCell.swift in Sources */ = {isa = PBXBuildFile; fileRef = EF957B212068C18D000E2098 /* InformasiCalonCollectionViewCell.swift */; };
		EF957B242068C18D000E2098 /* InformasiCalonCollectionViewCell.xib in Resources */ = {isa = PBXBuildFile; fileRef = EF957B222068C18D000E2098 /* InformasiCalonCollectionViewCell.xib */; };
		EF957B262068CEFB000E2098 /* DetailCalonViewController.swift in Sources */ = {isa = PBXBuildFile; fileRef = EF957B252068CEFB000E2098 /* DetailCalonViewController.swift */; };
		EF957B282068D584000E2098 /* VisiMisiCalon.swift in Sources */ = {isa = PBXBuildFile; fileRef = EF957B272068D584000E2098 /* VisiMisiCalon.swift */; };
		EF957B2A2068D63E000E2098 /* ProgramUnggulanCalon.swift in Sources */ = {isa = PBXBuildFile; fileRef = EF957B292068D63E000E2098 /* ProgramUnggulanCalon.swift */; };
		EF957B2C2068D666000E2098 /* PrioritasProgramCalon.swift in Sources */ = {isa = PBXBuildFile; fileRef = EF957B2B2068D666000E2098 /* PrioritasProgramCalon.swift */; };
		EF957B2E2068D676000E2098 /* LHKPN.swift in Sources */ = {isa = PBXBuildFile; fileRef = EF957B2D2068D676000E2098 /* LHKPN.swift */; };
		EF957B312068D87D000E2098 /* VisiMisiCalonCollectionViewCell.swift in Sources */ = {isa = PBXBuildFile; fileRef = EF957B2F2068D87D000E2098 /* VisiMisiCalonCollectionViewCell.swift */; };
		EF957B322068D87D000E2098 /* VisiMisiCalonCollectionViewCell.xib in Resources */ = {isa = PBXBuildFile; fileRef = EF957B302068D87D000E2098 /* VisiMisiCalonCollectionViewCell.xib */; };
		EF957B352068D8AD000E2098 /* ProgramUnggulanCalonCollectionViewCell.swift in Sources */ = {isa = PBXBuildFile; fileRef = EF957B332068D8AD000E2098 /* ProgramUnggulanCalonCollectionViewCell.swift */; };
		EF957B362068D8AD000E2098 /* ProgramUnggulanCalonCollectionViewCell.xib in Resources */ = {isa = PBXBuildFile; fileRef = EF957B342068D8AD000E2098 /* ProgramUnggulanCalonCollectionViewCell.xib */; };
		EF957B392068D8D3000E2098 /* PrioritasProgramCalonCollectionViewCell.swift in Sources */ = {isa = PBXBuildFile; fileRef = EF957B372068D8D3000E2098 /* PrioritasProgramCalonCollectionViewCell.swift */; };
		EF957B3A2068D8D3000E2098 /* PrioritasProgramCalonCollectionViewCell.xib in Resources */ = {isa = PBXBuildFile; fileRef = EF957B382068D8D3000E2098 /* PrioritasProgramCalonCollectionViewCell.xib */; };
		EF957B3D2068D8EB000E2098 /* LHKPNCollectionViewCell.swift in Sources */ = {isa = PBXBuildFile; fileRef = EF957B3B2068D8EB000E2098 /* LHKPNCollectionViewCell.swift */; };
		EF957B3E2068D8EB000E2098 /* LHKPNCollectionViewCell.xib in Resources */ = {isa = PBXBuildFile; fileRef = EF957B3C2068D8EB000E2098 /* LHKPNCollectionViewCell.xib */; };
		EF9899772069D93C007E7DA9 /* BeritaPilkadaViewController.swift in Sources */ = {isa = PBXBuildFile; fileRef = EF9899762069D93C007E7DA9 /* BeritaPilkadaViewController.swift */; };
		EF98997A2069DA00007E7DA9 /* BeritaTableViewCell.swift in Sources */ = {isa = PBXBuildFile; fileRef = EF9899782069DA00007E7DA9 /* BeritaTableViewCell.swift */; };
		EF98997B2069DA00007E7DA9 /* BeritaTableViewCell.xib in Resources */ = {isa = PBXBuildFile; fileRef = EF9899792069DA00007E7DA9 /* BeritaTableViewCell.xib */; };
		EF98997E2069DF01007E7DA9 /* PEMILU_KEY.json in Resources */ = {isa = PBXBuildFile; fileRef = EF98997D2069DF01007E7DA9 /* PEMILU_KEY.json */; };
		EF9899802069E212007E7DA9 /* PEMILU_KEY.swift in Sources */ = {isa = PBXBuildFile; fileRef = EF98997F2069E211007E7DA9 /* PEMILU_KEY.swift */; };
		EF9899822069E7B7007E7DA9 /* berita_pilkada.json in Resources */ = {isa = PBXBuildFile; fileRef = EF9899812069E7B7007E7DA9 /* berita_pilkada.json */; };
		EF9899842069E839007E7DA9 /* BeritaItem.swift in Sources */ = {isa = PBXBuildFile; fileRef = EF9899832069E839007E7DA9 /* BeritaItem.swift */; };
		EF9899862069F1C1007E7DA9 /* BeritaPilkadaService.swift in Sources */ = {isa = PBXBuildFile; fileRef = EF9899852069F1C1007E7DA9 /* BeritaPilkadaService.swift */; };
		EF989988206A1486007E7DA9 /* WebViewController.swift in Sources */ = {isa = PBXBuildFile; fileRef = EF989987206A1486007E7DA9 /* WebViewController.swift */; };
		EF98998E206A27CE007E7DA9 /* WacanaViewController.swift in Sources */ = {isa = PBXBuildFile; fileRef = EF98998D206A27CE007E7DA9 /* WacanaViewController.swift */; };
		EF989992206A28C2007E7DA9 /* WacanaCollectionViewCell.swift in Sources */ = {isa = PBXBuildFile; fileRef = EF989990206A28C2007E7DA9 /* WacanaCollectionViewCell.swift */; };
		EF989993206A28C2007E7DA9 /* WacanaCollectionViewCell.xib in Resources */ = {isa = PBXBuildFile; fileRef = EF989991206A28C2007E7DA9 /* WacanaCollectionViewCell.xib */; };
		EF989997206A4853007E7DA9 /* ChatViewController.swift in Sources */ = {isa = PBXBuildFile; fileRef = EF989996206A4853007E7DA9 /* ChatViewController.swift */; };
		EF989999206A488F007E7DA9 /* TimelineViewController.swift in Sources */ = {isa = PBXBuildFile; fileRef = EF989998206A488F007E7DA9 /* TimelineViewController.swift */; };
		EF98999F206A4A07007E7DA9 /* ChatViewController.xib in Resources */ = {isa = PBXBuildFile; fileRef = EF98999D206A4A07007E7DA9 /* ChatViewController.xib */; };
		EF9B674E20677BAA0057215B /* NetworkManager.swift in Sources */ = {isa = PBXBuildFile; fileRef = EF9B674D20677BAA0057215B /* NetworkManager.swift */; };
		EF9B675020677DC90057215B /* InformasiPilkadaViewController.swift in Sources */ = {isa = PBXBuildFile; fileRef = EF9B674F20677DC90057215B /* InformasiPilkadaViewController.swift */; };
		EF9B675220677F290057215B /* profile_calon.json in Resources */ = {isa = PBXBuildFile; fileRef = EF9B675120677F290057215B /* profile_calon.json */; };
		EF9B675420677F450057215B /* APIUtils.swift in Sources */ = {isa = PBXBuildFile; fileRef = EF9B675320677F450057215B /* APIUtils.swift */; };
		EF9B6757206784B90057215B /* partisipasi_pilkada.json in Resources */ = {isa = PBXBuildFile; fileRef = EF9B6756206784B90057215B /* partisipasi_pilkada.json */; };
		EF9B6759206784D20057215B /* anggaran_pilkada.json in Resources */ = {isa = PBXBuildFile; fileRef = EF9B6758206784D20057215B /* anggaran_pilkada.json */; };
		EF9B675B206785160057215B /* visi_misi_wahidin_andika.json in Resources */ = {isa = PBXBuildFile; fileRef = EF9B675A206785160057215B /* visi_misi_wahidin_andika.json */; };
		EF9B675D206785710057215B /* visi_misi_rano_embay.json in Resources */ = {isa = PBXBuildFile; fileRef = EF9B675C206785710057215B /* visi_misi_rano_embay.json */; };
		EF9B67612067860A0057215B /* tahapan_pilkada.json in Resources */ = {isa = PBXBuildFile; fileRef = EF9B67602067860A0057215B /* tahapan_pilkada.json */; };
		EF9B6763206786570057215B /* program_unggulan_rano_embay.json in Resources */ = {isa = PBXBuildFile; fileRef = EF9B6762206786570057215B /* program_unggulan_rano_embay.json */; };
		EF9B6765206786AA0057215B /* prioritas_program_wahidin_andika.json in Resources */ = {isa = PBXBuildFile; fileRef = EF9B6764206786AA0057215B /* prioritas_program_wahidin_andika.json */; };
		EF9B6767206786E70057215B /* lhkpn.json in Resources */ = {isa = PBXBuildFile; fileRef = EF9B6766206786E70057215B /* lhkpn.json */; };
		EF9B676920679B2A0057215B /* PartisipasiPilkada.swift in Sources */ = {isa = PBXBuildFile; fileRef = EF9B676820679B2A0057215B /* PartisipasiPilkada.swift */; };
		EF9B676D2067A2010057215B /* JSONConstructor.swift in Sources */ = {isa = PBXBuildFile; fileRef = EF9B676C2067A2010057215B /* JSONConstructor.swift */; };
		EF9B67702067A2E70057215B /* PartisipasiPilkada+Ext.swift in Sources */ = {isa = PBXBuildFile; fileRef = EF9B676F2067A2E70057215B /* PartisipasiPilkada+Ext.swift */; };
		EF9B67752067A3860057215B /* Optional+Ext.swift in Sources */ = {isa = PBXBuildFile; fileRef = EF9B67742067A3860057215B /* Optional+Ext.swift */; };
		EF9B67772067AAB20057215B /* Tester.swift in Sources */ = {isa = PBXBuildFile; fileRef = EF9B67762067AAB20057215B /* Tester.swift */; };
		EF9B677A2067BE9C0057215B /* PartisipasiPilkadaViewController.swift in Sources */ = {isa = PBXBuildFile; fileRef = EF9B67792067BE9C0057215B /* PartisipasiPilkadaViewController.swift */; };
		EF9B677D2067CF460057215B /* PartisipasiPilkadaCollectionViewCell.swift in Sources */ = {isa = PBXBuildFile; fileRef = EF9B677B2067CF460057215B /* PartisipasiPilkadaCollectionViewCell.swift */; };
		EF9B677E2067CF460057215B /* PartisipasiPilkadaCollectionViewCell.xib in Resources */ = {isa = PBXBuildFile; fileRef = EF9B677C2067CF460057215B /* PartisipasiPilkadaCollectionViewCell.xib */; };
		EF9B678120686F470057215B /* AnggaranPilkadaViewController.swift in Sources */ = {isa = PBXBuildFile; fileRef = EF9B678020686F470057215B /* AnggaranPilkadaViewController.swift */; };
		EF9B678320686FD70057215B /* AnggaranPilkada.swift in Sources */ = {isa = PBXBuildFile; fileRef = EF9B678220686FD70057215B /* AnggaranPilkada.swift */; };
		EF9B6785206870500057215B /* AnggaranPilkada+Ext.swift in Sources */ = {isa = PBXBuildFile; fileRef = EF9B6784206870500057215B /* AnggaranPilkada+Ext.swift */; };
		EF9B6788206871BC0057215B /* AnggaranPilkadaCollectionViewCell.swift in Sources */ = {isa = PBXBuildFile; fileRef = EF9B6786206871BC0057215B /* AnggaranPilkadaCollectionViewCell.swift */; };
		EF9B6789206871BC0057215B /* AnggaranPilkadaCollectionViewCell.xib in Resources */ = {isa = PBXBuildFile; fileRef = EF9B6787206871BC0057215B /* AnggaranPilkadaCollectionViewCell.xib */; };
		EF9B678B20688D7B0057215B /* TahapanPilkadaViewController.swift in Sources */ = {isa = PBXBuildFile; fileRef = EF9B678A20688D7B0057215B /* TahapanPilkadaViewController.swift */; };
		EF9B678E20688DCA0057215B /* TahapanPilkadaCollectionViewCell.swift in Sources */ = {isa = PBXBuildFile; fileRef = EF9B678C20688DCA0057215B /* TahapanPilkadaCollectionViewCell.swift */; };
		EF9B678F20688DCA0057215B /* TahapanPilkadaCollectionViewCell.xib in Resources */ = {isa = PBXBuildFile; fileRef = EF9B678D20688DCA0057215B /* TahapanPilkadaCollectionViewCell.xib */; };
		EF9B679120688DF20057215B /* TahapanPilkada.swift in Sources */ = {isa = PBXBuildFile; fileRef = EF9B679020688DF20057215B /* TahapanPilkada.swift */; };
		EF9B679320688E5E0057215B /* TahapanPilkada+Ext.swift in Sources */ = {isa = PBXBuildFile; fileRef = EF9B679220688E5E0057215B /* TahapanPilkada+Ext.swift */; };
		EF9B67962068968C0057215B /* InformasiCalonViewController.swift in Sources */ = {isa = PBXBuildFile; fileRef = EF9B67952068968C0057215B /* InformasiCalonViewController.swift */; };
		EF9B67992068985A0057215B /* ProfilCalon.swift in Sources */ = {isa = PBXBuildFile; fileRef = EF9B67982068985A0057215B /* ProfilCalon.swift */; };
		EF9B679B206899BF0057215B /* ProfilCalon+Ext.swift in Sources */ = {isa = PBXBuildFile; fileRef = EF9B679A206899BF0057215B /* ProfilCalon+Ext.swift */; };
		EF9B679D20689DF80057215B /* String+Ext.swift in Sources */ = {isa = PBXBuildFile; fileRef = EF9B679C20689DF80057215B /* String+Ext.swift */; };
		EFA7CFE9206C7CD60090DCF5 /* TimelineService.swift in Sources */ = {isa = PBXBuildFile; fileRef = EFA7CFE8206C7CD60090DCF5 /* TimelineService.swift */; };
		EFA7CFEC206C82B20090DCF5 /* TimelineCollectionViewCell.swift in Sources */ = {isa = PBXBuildFile; fileRef = EFA7CFEA206C82B20090DCF5 /* TimelineCollectionViewCell.swift */; };
		EFA7CFED206C82B20090DCF5 /* TimelineCollectionViewCell.xib in Resources */ = {isa = PBXBuildFile; fileRef = EFA7CFEB206C82B20090DCF5 /* TimelineCollectionViewCell.xib */; };
		EFA7CFF0206C8CC00090DCF5 /* PostEditorViewController.swift in Sources */ = {isa = PBXBuildFile; fileRef = EFA7CFEE206C8CC00090DCF5 /* PostEditorViewController.swift */; };
		EFA7CFF1206C8CC00090DCF5 /* PostEditorViewController.xib in Resources */ = {isa = PBXBuildFile; fileRef = EFA7CFEF206C8CC00090DCF5 /* PostEditorViewController.xib */; };
		EFA7CFF3206C92400090DCF5 /* TimelinePost.swift in Sources */ = {isa = PBXBuildFile; fileRef = EFA7CFF2206C92400090DCF5 /* TimelinePost.swift */; };
		EFB79AB0207B0986001B143B /* tahapan_pilkada_2018.json in Resources */ = {isa = PBXBuildFile; fileRef = EFB79AAF207B0986001B143B /* tahapan_pilkada_2018.json */; };
		EFB79AB2207B09AF001B143B /* profil_calon_2018.json in Resources */ = {isa = PBXBuildFile; fileRef = EFB79AB1207B09AF001B143B /* profil_calon_2018.json */; };
		EFB79AB4207B0C07001B143B /* dana_paslon_2018.json in Resources */ = {isa = PBXBuildFile; fileRef = EFB79AB3207B0C07001B143B /* dana_paslon_2018.json */; };
		EFEF12A020672103000A94CE /* AppDelegate.swift in Sources */ = {isa = PBXBuildFile; fileRef = EFEF129F20672103000A94CE /* AppDelegate.swift */; };
		EFEF12A220672103000A94CE /* LoginViewController.swift in Sources */ = {isa = PBXBuildFile; fileRef = EFEF12A120672103000A94CE /* LoginViewController.swift */; };
		EFEF12A520672103000A94CE /* Main.storyboard in Resources */ = {isa = PBXBuildFile; fileRef = EFEF12A320672103000A94CE /* Main.storyboard */; };
		EFEF12A720672103000A94CE /* Assets.xcassets in Resources */ = {isa = PBXBuildFile; fileRef = EFEF12A620672103000A94CE /* Assets.xcassets */; };
		EFEF12AA20672103000A94CE /* LaunchScreen.storyboard in Resources */ = {isa = PBXBuildFile; fileRef = EFEF12A820672103000A94CE /* LaunchScreen.storyboard */; };
		EFEF12B520672104000A94CE /* PilkadaJatengTests.swift in Sources */ = {isa = PBXBuildFile; fileRef = EFEF12B420672104000A94CE /* PilkadaJatengTests.swift */; };
		EFEF12C020672104000A94CE /* PilkadaJatengUITests.swift in Sources */ = {isa = PBXBuildFile; fileRef = EFEF12BF20672104000A94CE /* PilkadaJatengUITests.swift */; };
		EFEF12CE206725D8000A94CE /* GoogleService-Info.plist in Resources */ = {isa = PBXBuildFile; fileRef = EFEF12CD206725D7000A94CE /* GoogleService-Info.plist */; };
		EFEF12D320672DD2000A94CE /* InformasiPilkada.storyboard in Resources */ = {isa = PBXBuildFile; fileRef = EFEF12D220672DD2000A94CE /* InformasiPilkada.storyboard */; };
		EFEF12D620672E53000A94CE /* InformasiCalon.storyboard in Resources */ = {isa = PBXBuildFile; fileRef = EFEF12D420672E53000A94CE /* InformasiCalon.storyboard */; };
		EFEF12DB206730D9000A94CE /* AuthServices.swift in Sources */ = {isa = PBXBuildFile; fileRef = EFEF12DA206730D9000A94CE /* AuthServices.swift */; };
		EFEF12DE2067327C000A94CE /* User.swift in Sources */ = {isa = PBXBuildFile; fileRef = EFEF12DD2067327C000A94CE /* User.swift */; };
		EFEF12E1206734AD000A94CE /* MockProvider.swift in Sources */ = {isa = PBXBuildFile; fileRef = EFEF12E0206734AD000A94CE /* MockProvider.swift */; };
		EFEF12E4206739CA000A94CE /* InformasiViewController.swift in Sources */ = {isa = PBXBuildFile; fileRef = EFEF12E3206739CA000A94CE /* InformasiViewController.swift */; };
		EFEF12E6206739EA000A94CE /* Application.swift in Sources */ = {isa = PBXBuildFile; fileRef = EFEF12E5206739EA000A94CE /* Application.swift */; };
		EFEF12E8206742E5000A94CE /* InformasiService.swift in Sources */ = {isa = PBXBuildFile; fileRef = EFEF12E7206742E5000A94CE /* InformasiService.swift */; };
/* End PBXBuildFile section */

/* Begin PBXContainerItemProxy section */
		EFEF12B120672104000A94CE /* PBXContainerItemProxy */ = {
			isa = PBXContainerItemProxy;
			containerPortal = EFEF129420672103000A94CE /* Project object */;
			proxyType = 1;
			remoteGlobalIDString = EFEF129B20672103000A94CE;
			remoteInfo = PilkadaJateng;
		};
		EFEF12BC20672104000A94CE /* PBXContainerItemProxy */ = {
			isa = PBXContainerItemProxy;
			containerPortal = EFEF129420672103000A94CE /* Project object */;
			proxyType = 1;
			remoteGlobalIDString = EFEF129B20672103000A94CE;
			remoteInfo = PilkadaJateng;
		};
/* End PBXContainerItemProxy section */

/* Begin PBXFileReference section */
		1D110D5CB03261809736D827 /* Pods-PilkadaJateng.debug.xcconfig */ = {isa = PBXFileReference; includeInIndex = 1; lastKnownFileType = text.xcconfig; name = "Pods-PilkadaJateng.debug.xcconfig"; path = "Pods/Target Support Files/Pods-PilkadaJateng/Pods-PilkadaJateng.debug.xcconfig"; sourceTree = "<group>"; };
		6597A4F7890A7B640E8857EB /* Pods-PilkadaJateng.release.xcconfig */ = {isa = PBXFileReference; includeInIndex = 1; lastKnownFileType = text.xcconfig; name = "Pods-PilkadaJateng.release.xcconfig"; path = "Pods/Target Support Files/Pods-PilkadaJateng/Pods-PilkadaJateng.release.xcconfig"; sourceTree = "<group>"; };
		65FCBD0DF66B08DE0F2BD05E /* Pods-PilkadaJatengUITests.release.xcconfig */ = {isa = PBXFileReference; includeInIndex = 1; lastKnownFileType = text.xcconfig; name = "Pods-PilkadaJatengUITests.release.xcconfig"; path = "Pods/Target Support Files/Pods-PilkadaJatengUITests/Pods-PilkadaJatengUITests.release.xcconfig"; sourceTree = "<group>"; };
		86F697DB3F1842B0F328077F /* Pods_PilkadaJatengTests.framework */ = {isa = PBXFileReference; explicitFileType = wrapper.framework; includeInIndex = 0; path = Pods_PilkadaJatengTests.framework; sourceTree = BUILT_PRODUCTS_DIR; };
		D918A481CFB013ED5C3E121E /* Pods_PilkadaJatengUITests.framework */ = {isa = PBXFileReference; explicitFileType = wrapper.framework; includeInIndex = 0; path = Pods_PilkadaJatengUITests.framework; sourceTree = BUILT_PRODUCTS_DIR; };
		DF09DA17D0668593C8BDE728 /* Pods_PilkadaJateng.framework */ = {isa = PBXFileReference; explicitFileType = wrapper.framework; includeInIndex = 0; path = Pods_PilkadaJateng.framework; sourceTree = BUILT_PRODUCTS_DIR; };
		E0AC20D403F1259AECA2D926 /* Pods-PilkadaJatengTests.debug.xcconfig */ = {isa = PBXFileReference; includeInIndex = 1; lastKnownFileType = text.xcconfig; name = "Pods-PilkadaJatengTests.debug.xcconfig"; path = "Pods/Target Support Files/Pods-PilkadaJatengTests/Pods-PilkadaJatengTests.debug.xcconfig"; sourceTree = "<group>"; };
		EC74C13A84C352229226CACA /* Pods-PilkadaJatengTests.release.xcconfig */ = {isa = PBXFileReference; includeInIndex = 1; lastKnownFileType = text.xcconfig; name = "Pods-PilkadaJatengTests.release.xcconfig"; path = "Pods/Target Support Files/Pods-PilkadaJatengTests/Pods-PilkadaJatengTests.release.xcconfig"; sourceTree = "<group>"; };
		EF508C99207B164900726589 /* MainTabBarController.swift */ = {isa = PBXFileReference; lastKnownFileType = sourcecode.swift; path = MainTabBarController.swift; sourceTree = "<group>"; };
		EF5803802071C85000C8E5E5 /* MateriWacana.swift */ = {isa = PBXFileReference; lastKnownFileType = sourcecode.swift; path = MateriWacana.swift; sourceTree = "<group>"; };
		EF5803832071C8FA00C8E5E5 /* DaftarMateri.swift */ = {isa = PBXFileReference; lastKnownFileType = sourcecode.swift; path = DaftarMateri.swift; sourceTree = "<group>"; };
		EF5803872071CA4200C8E5E5 /* MateriWacana+Ext.swift */ = {isa = PBXFileReference; lastKnownFileType = sourcecode.swift; path = "MateriWacana+Ext.swift"; sourceTree = "<group>"; };
		EF5803892071E15F00C8E5E5 /* CardView.swift */ = {isa = PBXFileReference; lastKnownFileType = sourcecode.swift; path = CardView.swift; sourceTree = "<group>"; };
		EF584434206B2A5500BDBB4C /* DiskusiMessage.swift */ = {isa = PBXFileReference; lastKnownFileType = sourcecode.swift; path = DiskusiMessage.swift; sourceTree = "<group>"; };
		EF584437206B306700BDBB4C /* ChannelViewController.swift */ = {isa = PBXFileReference; lastKnownFileType = sourcecode.swift; path = ChannelViewController.swift; sourceTree = "<group>"; };
		EF58443C206B341300BDBB4C /* Chat+MessageInputBarDelegate.swift */ = {isa = PBXFileReference; lastKnownFileType = sourcecode.swift; path = "Chat+MessageInputBarDelegate.swift"; sourceTree = "<group>"; };
		EF58443E206B34F200BDBB4C /* Chat+MessagesDataSource.swift */ = {isa = PBXFileReference; lastKnownFileType = sourcecode.swift; path = "Chat+MessagesDataSource.swift"; sourceTree = "<group>"; };
		EF584440206B3B6B00BDBB4C /* Chat+MessagesLayoutDelegate.swift */ = {isa = PBXFileReference; lastKnownFileType = sourcecode.swift; path = "Chat+MessagesLayoutDelegate.swift"; sourceTree = "<group>"; };
		EF584442206B3BD600BDBB4C /* Chat+MessagesDisplayDelegate.swift */ = {isa = PBXFileReference; lastKnownFileType = sourcecode.swift; path = "Chat+MessagesDisplayDelegate.swift"; sourceTree = "<group>"; };
		EF584444206B3C0600BDBB4C /* Chat+MessagesCellDelegate.swift */ = {isa = PBXFileReference; lastKnownFileType = sourcecode.swift; path = "Chat+MessagesCellDelegate.swift"; sourceTree = "<group>"; };
		EF584446206B42CE00BDBB4C /* Channel.swift */ = {isa = PBXFileReference; lastKnownFileType = sourcecode.swift; path = Channel.swift; sourceTree = "<group>"; };
		EF584448206B5D8200BDBB4C /* ChatService.swift */ = {isa = PBXFileReference; lastKnownFileType = sourcecode.swift; path = ChatService.swift; sourceTree = "<group>"; };
		EF58444A206B5E5C00BDBB4C /* ChannelService.swift */ = {isa = PBXFileReference; lastKnownFileType = sourcecode.swift; path = ChannelService.swift; sourceTree = "<group>"; };
		EF58444C206B645700BDBB4C /* ChannelTableViewCell.swift */ = {isa = PBXFileReference; lastKnownFileType = sourcecode.swift; path = ChannelTableViewCell.swift; sourceTree = "<group>"; };
		EF58444D206B645700BDBB4C /* ChannelTableViewCell.xib */ = {isa = PBXFileReference; lastKnownFileType = file.xib; path = ChannelTableViewCell.xib; sourceTree = "<group>"; };
		EF584450206B6C6E00BDBB4C /* Set+Ext.swift */ = {isa = PBXFileReference; lastKnownFileType = sourcecode.swift; path = "Set+Ext.swift"; sourceTree = "<group>"; };
		EF584452206B6E9A00BDBB4C /* Array+Ext.swift */ = {isa = PBXFileReference; lastKnownFileType = sourcecode.swift; path = "Array+Ext.swift"; sourceTree = "<group>"; };
		EF584454206B77EB00BDBB4C /* Date+Ext.swift */ = {isa = PBXFileReference; lastKnownFileType = sourcecode.swift; path = "Date+Ext.swift"; sourceTree = "<group>"; };
		EF584456206B79D000BDBB4C /* Chat+MessageViewController.swift */ = {isa = PBXFileReference; lastKnownFileType = sourcecode.swift; path = "Chat+MessageViewController.swift"; sourceTree = "<group>"; };
		EF5C92242075C0C200DE876C /* CommentTableViewCell.swift */ = {isa = PBXFileReference; lastKnownFileType = sourcecode.swift; path = CommentTableViewCell.swift; sourceTree = "<group>"; };
		EF5C92252075C0C200DE876C /* CommentTableViewCell.xib */ = {isa = PBXFileReference; lastKnownFileType = file.xib; path = CommentTableViewCell.xib; sourceTree = "<group>"; };
		EF5C92292075FA6B00DE876C /* UIViewController+Ext.swift */ = {isa = PBXFileReference; lastKnownFileType = sourcecode.swift; path = "UIViewController+Ext.swift"; sourceTree = "<group>"; };
		EF65D5AC2074AFFF00C52D21 /* CommentService.swift */ = {isa = PBXFileReference; lastKnownFileType = sourcecode.swift; path = CommentService.swift; sourceTree = "<group>"; };
		EF65D5AE2074B1ED00C52D21 /* Comment.swift */ = {isa = PBXFileReference; lastKnownFileType = sourcecode.swift; path = Comment.swift; sourceTree = "<group>"; };
		EF65D5B02074B39E00C52D21 /* CommentViewController.swift */ = {isa = PBXFileReference; lastKnownFileType = sourcecode.swift; path = CommentViewController.swift; sourceTree = "<group>"; };
		EF65D5B22074CDC100C52D21 /* CommentViewController.xib */ = {isa = PBXFileReference; lastKnownFileType = file.xib; path = CommentViewController.xib; sourceTree = "<group>"; };
		EF7F6E7F206F74C2002B2641 /* materi_wacana.json */ = {isa = PBXFileReference; lastKnownFileType = text.json; path = materi_wacana.json; sourceTree = "<group>"; };
		EF7F6E81206F74FE002B2641 /* WacanaService.swift */ = {isa = PBXFileReference; lastKnownFileType = sourcecode.swift; path = WacanaService.swift; sourceTree = "<group>"; };
		EF957B212068C18D000E2098 /* InformasiCalonCollectionViewCell.swift */ = {isa = PBXFileReference; lastKnownFileType = sourcecode.swift; path = InformasiCalonCollectionViewCell.swift; sourceTree = "<group>"; };
		EF957B222068C18D000E2098 /* InformasiCalonCollectionViewCell.xib */ = {isa = PBXFileReference; lastKnownFileType = file.xib; path = InformasiCalonCollectionViewCell.xib; sourceTree = "<group>"; };
		EF957B252068CEFB000E2098 /* DetailCalonViewController.swift */ = {isa = PBXFileReference; lastKnownFileType = sourcecode.swift; path = DetailCalonViewController.swift; sourceTree = "<group>"; };
		EF957B272068D584000E2098 /* VisiMisiCalon.swift */ = {isa = PBXFileReference; lastKnownFileType = sourcecode.swift; path = VisiMisiCalon.swift; sourceTree = "<group>"; };
		EF957B292068D63E000E2098 /* ProgramUnggulanCalon.swift */ = {isa = PBXFileReference; lastKnownFileType = sourcecode.swift; path = ProgramUnggulanCalon.swift; sourceTree = "<group>"; };
		EF957B2B2068D666000E2098 /* PrioritasProgramCalon.swift */ = {isa = PBXFileReference; lastKnownFileType = sourcecode.swift; path = PrioritasProgramCalon.swift; sourceTree = "<group>"; };
		EF957B2D2068D676000E2098 /* LHKPN.swift */ = {isa = PBXFileReference; lastKnownFileType = sourcecode.swift; path = LHKPN.swift; sourceTree = "<group>"; };
		EF957B2F2068D87D000E2098 /* VisiMisiCalonCollectionViewCell.swift */ = {isa = PBXFileReference; lastKnownFileType = sourcecode.swift; path = VisiMisiCalonCollectionViewCell.swift; sourceTree = "<group>"; };
		EF957B302068D87D000E2098 /* VisiMisiCalonCollectionViewCell.xib */ = {isa = PBXFileReference; lastKnownFileType = file.xib; path = VisiMisiCalonCollectionViewCell.xib; sourceTree = "<group>"; };
		EF957B332068D8AD000E2098 /* ProgramUnggulanCalonCollectionViewCell.swift */ = {isa = PBXFileReference; lastKnownFileType = sourcecode.swift; path = ProgramUnggulanCalonCollectionViewCell.swift; sourceTree = "<group>"; };
		EF957B342068D8AD000E2098 /* ProgramUnggulanCalonCollectionViewCell.xib */ = {isa = PBXFileReference; lastKnownFileType = file.xib; path = ProgramUnggulanCalonCollectionViewCell.xib; sourceTree = "<group>"; };
		EF957B372068D8D3000E2098 /* PrioritasProgramCalonCollectionViewCell.swift */ = {isa = PBXFileReference; lastKnownFileType = sourcecode.swift; path = PrioritasProgramCalonCollectionViewCell.swift; sourceTree = "<group>"; };
		EF957B382068D8D3000E2098 /* PrioritasProgramCalonCollectionViewCell.xib */ = {isa = PBXFileReference; lastKnownFileType = file.xib; path = PrioritasProgramCalonCollectionViewCell.xib; sourceTree = "<group>"; };
		EF957B3B2068D8EB000E2098 /* LHKPNCollectionViewCell.swift */ = {isa = PBXFileReference; lastKnownFileType = sourcecode.swift; path = LHKPNCollectionViewCell.swift; sourceTree = "<group>"; };
		EF957B3C2068D8EB000E2098 /* LHKPNCollectionViewCell.xib */ = {isa = PBXFileReference; lastKnownFileType = file.xib; path = LHKPNCollectionViewCell.xib; sourceTree = "<group>"; };
		EF9899762069D93C007E7DA9 /* BeritaPilkadaViewController.swift */ = {isa = PBXFileReference; lastKnownFileType = sourcecode.swift; path = BeritaPilkadaViewController.swift; sourceTree = "<group>"; };
		EF9899782069DA00007E7DA9 /* BeritaTableViewCell.swift */ = {isa = PBXFileReference; lastKnownFileType = sourcecode.swift; path = BeritaTableViewCell.swift; sourceTree = "<group>"; };
		EF9899792069DA00007E7DA9 /* BeritaTableViewCell.xib */ = {isa = PBXFileReference; lastKnownFileType = file.xib; path = BeritaTableViewCell.xib; sourceTree = "<group>"; };
		EF98997D2069DF01007E7DA9 /* PEMILU_KEY.json */ = {isa = PBXFileReference; lastKnownFileType = text.json; path = PEMILU_KEY.json; sourceTree = "<group>"; };
		EF98997F2069E211007E7DA9 /* PEMILU_KEY.swift */ = {isa = PBXFileReference; fileEncoding = 4; lastKnownFileType = sourcecode.swift; path = PEMILU_KEY.swift; sourceTree = "<group>"; };
		EF9899812069E7B7007E7DA9 /* berita_pilkada.json */ = {isa = PBXFileReference; lastKnownFileType = text.json; path = berita_pilkada.json; sourceTree = "<group>"; };
		EF9899832069E839007E7DA9 /* BeritaItem.swift */ = {isa = PBXFileReference; lastKnownFileType = sourcecode.swift; path = BeritaItem.swift; sourceTree = "<group>"; };
		EF9899852069F1C1007E7DA9 /* BeritaPilkadaService.swift */ = {isa = PBXFileReference; lastKnownFileType = sourcecode.swift; path = BeritaPilkadaService.swift; sourceTree = "<group>"; };
		EF989987206A1486007E7DA9 /* WebViewController.swift */ = {isa = PBXFileReference; lastKnownFileType = sourcecode.swift; path = WebViewController.swift; sourceTree = "<group>"; };
		EF98998D206A27CE007E7DA9 /* WacanaViewController.swift */ = {isa = PBXFileReference; lastKnownFileType = sourcecode.swift; path = WacanaViewController.swift; sourceTree = "<group>"; };
		EF989990206A28C2007E7DA9 /* WacanaCollectionViewCell.swift */ = {isa = PBXFileReference; lastKnownFileType = sourcecode.swift; path = WacanaCollectionViewCell.swift; sourceTree = "<group>"; };
		EF989991206A28C2007E7DA9 /* WacanaCollectionViewCell.xib */ = {isa = PBXFileReference; lastKnownFileType = file.xib; path = WacanaCollectionViewCell.xib; sourceTree = "<group>"; };
		EF989996206A4853007E7DA9 /* ChatViewController.swift */ = {isa = PBXFileReference; lastKnownFileType = sourcecode.swift; path = ChatViewController.swift; sourceTree = "<group>"; };
		EF989998206A488F007E7DA9 /* TimelineViewController.swift */ = {isa = PBXFileReference; lastKnownFileType = sourcecode.swift; path = TimelineViewController.swift; sourceTree = "<group>"; };
		EF98999D206A4A07007E7DA9 /* ChatViewController.xib */ = {isa = PBXFileReference; lastKnownFileType = file.xib; path = ChatViewController.xib; sourceTree = "<group>"; };
		EF9B674D20677BAA0057215B /* NetworkManager.swift */ = {isa = PBXFileReference; lastKnownFileType = sourcecode.swift; path = NetworkManager.swift; sourceTree = "<group>"; };
		EF9B674F20677DC90057215B /* InformasiPilkadaViewController.swift */ = {isa = PBXFileReference; lastKnownFileType = sourcecode.swift; path = InformasiPilkadaViewController.swift; sourceTree = "<group>"; };
		EF9B675120677F290057215B /* profile_calon.json */ = {isa = PBXFileReference; lastKnownFileType = text.json; path = profile_calon.json; sourceTree = "<group>"; };
		EF9B675320677F450057215B /* APIUtils.swift */ = {isa = PBXFileReference; lastKnownFileType = sourcecode.swift; path = APIUtils.swift; sourceTree = "<group>"; };
		EF9B6756206784B90057215B /* partisipasi_pilkada.json */ = {isa = PBXFileReference; lastKnownFileType = text.json; path = partisipasi_pilkada.json; sourceTree = "<group>"; };
		EF9B6758206784D20057215B /* anggaran_pilkada.json */ = {isa = PBXFileReference; lastKnownFileType = text.json; path = anggaran_pilkada.json; sourceTree = "<group>"; };
		EF9B675A206785160057215B /* visi_misi_wahidin_andika.json */ = {isa = PBXFileReference; lastKnownFileType = text.json; path = visi_misi_wahidin_andika.json; sourceTree = "<group>"; };
		EF9B675C206785710057215B /* visi_misi_rano_embay.json */ = {isa = PBXFileReference; lastKnownFileType = text.json; path = visi_misi_rano_embay.json; sourceTree = "<group>"; xcLanguageSpecificationIdentifier = xcode.lang.javascript; };
		EF9B67602067860A0057215B /* tahapan_pilkada.json */ = {isa = PBXFileReference; lastKnownFileType = text.json; path = tahapan_pilkada.json; sourceTree = "<group>"; };
		EF9B6762206786570057215B /* program_unggulan_rano_embay.json */ = {isa = PBXFileReference; lastKnownFileType = text.json; path = program_unggulan_rano_embay.json; sourceTree = "<group>"; };
		EF9B6764206786AA0057215B /* prioritas_program_wahidin_andika.json */ = {isa = PBXFileReference; lastKnownFileType = text.json; path = prioritas_program_wahidin_andika.json; sourceTree = "<group>"; };
		EF9B6766206786E70057215B /* lhkpn.json */ = {isa = PBXFileReference; lastKnownFileType = text.json; path = lhkpn.json; sourceTree = "<group>"; };
		EF9B676820679B2A0057215B /* PartisipasiPilkada.swift */ = {isa = PBXFileReference; lastKnownFileType = sourcecode.swift; path = PartisipasiPilkada.swift; sourceTree = "<group>"; };
		EF9B676C2067A2010057215B /* JSONConstructor.swift */ = {isa = PBXFileReference; lastKnownFileType = sourcecode.swift; path = JSONConstructor.swift; sourceTree = "<group>"; };
		EF9B676F2067A2E70057215B /* PartisipasiPilkada+Ext.swift */ = {isa = PBXFileReference; lastKnownFileType = sourcecode.swift; path = "PartisipasiPilkada+Ext.swift"; sourceTree = "<group>"; };
		EF9B67742067A3860057215B /* Optional+Ext.swift */ = {isa = PBXFileReference; lastKnownFileType = sourcecode.swift; path = "Optional+Ext.swift"; sourceTree = "<group>"; };
		EF9B67762067AAB20057215B /* Tester.swift */ = {isa = PBXFileReference; lastKnownFileType = sourcecode.swift; path = Tester.swift; sourceTree = "<group>"; };
		EF9B67792067BE9C0057215B /* PartisipasiPilkadaViewController.swift */ = {isa = PBXFileReference; lastKnownFileType = sourcecode.swift; path = PartisipasiPilkadaViewController.swift; sourceTree = "<group>"; };
		EF9B677B2067CF460057215B /* PartisipasiPilkadaCollectionViewCell.swift */ = {isa = PBXFileReference; lastKnownFileType = sourcecode.swift; path = PartisipasiPilkadaCollectionViewCell.swift; sourceTree = "<group>"; };
		EF9B677C2067CF460057215B /* PartisipasiPilkadaCollectionViewCell.xib */ = {isa = PBXFileReference; lastKnownFileType = file.xib; path = PartisipasiPilkadaCollectionViewCell.xib; sourceTree = "<group>"; };
		EF9B678020686F470057215B /* AnggaranPilkadaViewController.swift */ = {isa = PBXFileReference; lastKnownFileType = sourcecode.swift; path = AnggaranPilkadaViewController.swift; sourceTree = "<group>"; };
		EF9B678220686FD70057215B /* AnggaranPilkada.swift */ = {isa = PBXFileReference; lastKnownFileType = sourcecode.swift; path = AnggaranPilkada.swift; sourceTree = "<group>"; };
		EF9B6784206870500057215B /* AnggaranPilkada+Ext.swift */ = {isa = PBXFileReference; lastKnownFileType = sourcecode.swift; path = "AnggaranPilkada+Ext.swift"; sourceTree = "<group>"; };
		EF9B6786206871BC0057215B /* AnggaranPilkadaCollectionViewCell.swift */ = {isa = PBXFileReference; lastKnownFileType = sourcecode.swift; path = AnggaranPilkadaCollectionViewCell.swift; sourceTree = "<group>"; };
		EF9B6787206871BC0057215B /* AnggaranPilkadaCollectionViewCell.xib */ = {isa = PBXFileReference; lastKnownFileType = file.xib; path = AnggaranPilkadaCollectionViewCell.xib; sourceTree = "<group>"; };
		EF9B678A20688D7B0057215B /* TahapanPilkadaViewController.swift */ = {isa = PBXFileReference; lastKnownFileType = sourcecode.swift; path = TahapanPilkadaViewController.swift; sourceTree = "<group>"; };
		EF9B678C20688DCA0057215B /* TahapanPilkadaCollectionViewCell.swift */ = {isa = PBXFileReference; lastKnownFileType = sourcecode.swift; path = TahapanPilkadaCollectionViewCell.swift; sourceTree = "<group>"; };
		EF9B678D20688DCA0057215B /* TahapanPilkadaCollectionViewCell.xib */ = {isa = PBXFileReference; lastKnownFileType = file.xib; path = TahapanPilkadaCollectionViewCell.xib; sourceTree = "<group>"; };
		EF9B679020688DF20057215B /* TahapanPilkada.swift */ = {isa = PBXFileReference; lastKnownFileType = sourcecode.swift; path = TahapanPilkada.swift; sourceTree = "<group>"; };
		EF9B679220688E5E0057215B /* TahapanPilkada+Ext.swift */ = {isa = PBXFileReference; lastKnownFileType = sourcecode.swift; path = "TahapanPilkada+Ext.swift"; sourceTree = "<group>"; };
		EF9B67952068968C0057215B /* InformasiCalonViewController.swift */ = {isa = PBXFileReference; lastKnownFileType = sourcecode.swift; path = InformasiCalonViewController.swift; sourceTree = "<group>"; };
		EF9B67982068985A0057215B /* ProfilCalon.swift */ = {isa = PBXFileReference; lastKnownFileType = sourcecode.swift; path = ProfilCalon.swift; sourceTree = "<group>"; };
		EF9B679A206899BF0057215B /* ProfilCalon+Ext.swift */ = {isa = PBXFileReference; lastKnownFileType = sourcecode.swift; path = "ProfilCalon+Ext.swift"; sourceTree = "<group>"; };
		EF9B679C20689DF80057215B /* String+Ext.swift */ = {isa = PBXFileReference; lastKnownFileType = sourcecode.swift; path = "String+Ext.swift"; sourceTree = "<group>"; };
		EFA7CFE8206C7CD60090DCF5 /* TimelineService.swift */ = {isa = PBXFileReference; lastKnownFileType = sourcecode.swift; path = TimelineService.swift; sourceTree = "<group>"; };
		EFA7CFEA206C82B20090DCF5 /* TimelineCollectionViewCell.swift */ = {isa = PBXFileReference; lastKnownFileType = sourcecode.swift; path = TimelineCollectionViewCell.swift; sourceTree = "<group>"; };
		EFA7CFEB206C82B20090DCF5 /* TimelineCollectionViewCell.xib */ = {isa = PBXFileReference; lastKnownFileType = file.xib; path = TimelineCollectionViewCell.xib; sourceTree = "<group>"; };
		EFA7CFEE206C8CC00090DCF5 /* PostEditorViewController.swift */ = {isa = PBXFileReference; lastKnownFileType = sourcecode.swift; path = PostEditorViewController.swift; sourceTree = "<group>"; };
		EFA7CFEF206C8CC00090DCF5 /* PostEditorViewController.xib */ = {isa = PBXFileReference; lastKnownFileType = file.xib; path = PostEditorViewController.xib; sourceTree = "<group>"; };
		EFA7CFF2206C92400090DCF5 /* TimelinePost.swift */ = {isa = PBXFileReference; lastKnownFileType = sourcecode.swift; path = TimelinePost.swift; sourceTree = "<group>"; };
		EFB79AAF207B0986001B143B /* tahapan_pilkada_2018.json */ = {isa = PBXFileReference; lastKnownFileType = text.json; path = tahapan_pilkada_2018.json; sourceTree = "<group>"; };
		EFB79AB1207B09AF001B143B /* profil_calon_2018.json */ = {isa = PBXFileReference; lastKnownFileType = text.json; path = profil_calon_2018.json; sourceTree = "<group>"; xcLanguageSpecificationIdentifier = xcode.lang.javascript; };
		EFB79AB3207B0C07001B143B /* dana_paslon_2018.json */ = {isa = PBXFileReference; lastKnownFileType = text.json; path = dana_paslon_2018.json; sourceTree = "<group>"; };
		EFEF129C20672103000A94CE /* PilkadaJateng.app */ = {isa = PBXFileReference; explicitFileType = wrapper.application; includeInIndex = 0; path = PilkadaJateng.app; sourceTree = BUILT_PRODUCTS_DIR; };
		EFEF129F20672103000A94CE /* AppDelegate.swift */ = {isa = PBXFileReference; lastKnownFileType = sourcecode.swift; path = AppDelegate.swift; sourceTree = "<group>"; };
		EFEF12A120672103000A94CE /* LoginViewController.swift */ = {isa = PBXFileReference; lastKnownFileType = sourcecode.swift; path = LoginViewController.swift; sourceTree = "<group>"; };
		EFEF12A420672103000A94CE /* Base */ = {isa = PBXFileReference; lastKnownFileType = file.storyboard; name = Base; path = Base.lproj/Main.storyboard; sourceTree = "<group>"; };
		EFEF12A620672103000A94CE /* Assets.xcassets */ = {isa = PBXFileReference; lastKnownFileType = folder.assetcatalog; path = Assets.xcassets; sourceTree = "<group>"; };
		EFEF12A920672103000A94CE /* Base */ = {isa = PBXFileReference; lastKnownFileType = file.storyboard; name = Base; path = Base.lproj/LaunchScreen.storyboard; sourceTree = "<group>"; };
		EFEF12AB20672103000A94CE /* Info.plist */ = {isa = PBXFileReference; lastKnownFileType = text.plist.xml; path = Info.plist; sourceTree = "<group>"; };
		EFEF12B020672104000A94CE /* PilkadaJatengTests.xctest */ = {isa = PBXFileReference; explicitFileType = wrapper.cfbundle; includeInIndex = 0; path = PilkadaJatengTests.xctest; sourceTree = BUILT_PRODUCTS_DIR; };
		EFEF12B420672104000A94CE /* PilkadaJatengTests.swift */ = {isa = PBXFileReference; lastKnownFileType = sourcecode.swift; path = PilkadaJatengTests.swift; sourceTree = "<group>"; };
		EFEF12B620672104000A94CE /* Info.plist */ = {isa = PBXFileReference; lastKnownFileType = text.plist.xml; path = Info.plist; sourceTree = "<group>"; };
		EFEF12BB20672104000A94CE /* PilkadaJatengUITests.xctest */ = {isa = PBXFileReference; explicitFileType = wrapper.cfbundle; includeInIndex = 0; path = PilkadaJatengUITests.xctest; sourceTree = BUILT_PRODUCTS_DIR; };
		EFEF12BF20672104000A94CE /* PilkadaJatengUITests.swift */ = {isa = PBXFileReference; lastKnownFileType = sourcecode.swift; path = PilkadaJatengUITests.swift; sourceTree = "<group>"; };
		EFEF12C120672104000A94CE /* Info.plist */ = {isa = PBXFileReference; lastKnownFileType = text.plist.xml; path = Info.plist; sourceTree = "<group>"; };
		EFEF12CD206725D7000A94CE /* GoogleService-Info.plist */ = {isa = PBXFileReference; fileEncoding = 4; lastKnownFileType = text.plist.xml; path = "GoogleService-Info.plist"; sourceTree = "<group>"; };
		EFEF12D220672DD2000A94CE /* InformasiPilkada.storyboard */ = {isa = PBXFileReference; fileEncoding = 4; lastKnownFileType = file.storyboard; path = InformasiPilkada.storyboard; sourceTree = "<group>"; };
		EFEF12D520672E53000A94CE /* Base */ = {isa = PBXFileReference; lastKnownFileType = file.storyboard; name = Base; path = PilkadaJateng/Base.lproj/InformasiCalon.storyboard; sourceTree = "<group>"; };
		EFEF12DA206730D9000A94CE /* AuthServices.swift */ = {isa = PBXFileReference; lastKnownFileType = sourcecode.swift; path = AuthServices.swift; sourceTree = "<group>"; };
		EFEF12DD2067327C000A94CE /* User.swift */ = {isa = PBXFileReference; lastKnownFileType = sourcecode.swift; path = User.swift; sourceTree = "<group>"; };
		EFEF12E0206734AD000A94CE /* MockProvider.swift */ = {isa = PBXFileReference; lastKnownFileType = sourcecode.swift; path = MockProvider.swift; sourceTree = "<group>"; };
		EFEF12E3206739CA000A94CE /* InformasiViewController.swift */ = {isa = PBXFileReference; lastKnownFileType = sourcecode.swift; path = InformasiViewController.swift; sourceTree = "<group>"; };
		EFEF12E5206739EA000A94CE /* Application.swift */ = {isa = PBXFileReference; lastKnownFileType = sourcecode.swift; path = Application.swift; sourceTree = "<group>"; };
		EFEF12E7206742E5000A94CE /* InformasiService.swift */ = {isa = PBXFileReference; lastKnownFileType = sourcecode.swift; path = InformasiService.swift; sourceTree = "<group>"; };
		F5E95F40A39F52A6C8AA4C5F /* Pods-PilkadaJatengUITests.debug.xcconfig */ = {isa = PBXFileReference; includeInIndex = 1; lastKnownFileType = text.xcconfig; name = "Pods-PilkadaJatengUITests.debug.xcconfig"; path = "Pods/Target Support Files/Pods-PilkadaJatengUITests/Pods-PilkadaJatengUITests.debug.xcconfig"; sourceTree = "<group>"; };
/* End PBXFileReference section */

/* Begin PBXFrameworksBuildPhase section */
		EFEF129920672103000A94CE /* Frameworks */ = {
			isa = PBXFrameworksBuildPhase;
			buildActionMask = 2147483647;
			files = (
				8046A59205DFA8ADD6EEF7D9 /* Pods_PilkadaJateng.framework in Frameworks */,
			);
			runOnlyForDeploymentPostprocessing = 0;
		};
		EFEF12AD20672104000A94CE /* Frameworks */ = {
			isa = PBXFrameworksBuildPhase;
			buildActionMask = 2147483647;
			files = (
				057C480F4E312CC69FE26442 /* Pods_PilkadaJatengTests.framework in Frameworks */,
			);
			runOnlyForDeploymentPostprocessing = 0;
		};
		EFEF12B820672104000A94CE /* Frameworks */ = {
			isa = PBXFrameworksBuildPhase;
			buildActionMask = 2147483647;
			files = (
				073AF81C62B419A96CB26B3A /* Pods_PilkadaJatengUITests.framework in Frameworks */,
			);
			runOnlyForDeploymentPostprocessing = 0;
		};
/* End PBXFrameworksBuildPhase section */

/* Begin PBXGroup section */
		2F4F76652966EF7AFFADACE5 /* Frameworks */ = {
			isa = PBXGroup;
			children = (
				DF09DA17D0668593C8BDE728 /* Pods_PilkadaJateng.framework */,
				86F697DB3F1842B0F328077F /* Pods_PilkadaJatengTests.framework */,
				D918A481CFB013ED5C3E121E /* Pods_PilkadaJatengUITests.framework */,
			);
			name = Frameworks;
			sourceTree = "<group>";
		};
		D82F6639E0729380A998223E /* Pods */ = {
			isa = PBXGroup;
			children = (
				1D110D5CB03261809736D827 /* Pods-PilkadaJateng.debug.xcconfig */,
				6597A4F7890A7B640E8857EB /* Pods-PilkadaJateng.release.xcconfig */,
				E0AC20D403F1259AECA2D926 /* Pods-PilkadaJatengTests.debug.xcconfig */,
				EC74C13A84C352229226CACA /* Pods-PilkadaJatengTests.release.xcconfig */,
				F5E95F40A39F52A6C8AA4C5F /* Pods-PilkadaJatengUITests.debug.xcconfig */,
				65FCBD0DF66B08DE0F2BD05E /* Pods-PilkadaJatengUITests.release.xcconfig */,
			);
			name = Pods;
			sourceTree = "<group>";
		};
		EF5803822071C85700C8E5E5 /* Wacana */ = {
			isa = PBXGroup;
			children = (
				EF5803802071C85000C8E5E5 /* MateriWacana.swift */,
				EF5803832071C8FA00C8E5E5 /* DaftarMateri.swift */,
			);
			path = Wacana;
			sourceTree = "<group>";
		};
		EF58038B2071E16600C8E5E5 /* Swift */ = {
			isa = PBXGroup;
			children = (
				EF5803892071E15F00C8E5E5 /* CardView.swift */,
			);
			path = Swift;
			sourceTree = "<group>";
		};
		EF584431206B29A100BDBB4C /* InformasiPilkada */ = {
			isa = PBXGroup;
			children = (
				EF9B676820679B2A0057215B /* PartisipasiPilkada.swift */,
				EF9B678220686FD70057215B /* AnggaranPilkada.swift */,
				EF9B679020688DF20057215B /* TahapanPilkada.swift */,
			);
			path = InformasiPilkada;
			sourceTree = "<group>";
		};
		EF584432206B29BC00BDBB4C /* InformasiCalon */ = {
			isa = PBXGroup;
			children = (
				EF9B67982068985A0057215B /* ProfilCalon.swift */,
				EF957B272068D584000E2098 /* VisiMisiCalon.swift */,
				EF957B292068D63E000E2098 /* ProgramUnggulanCalon.swift */,
				EF957B2B2068D666000E2098 /* PrioritasProgramCalon.swift */,
				EF957B2D2068D676000E2098 /* LHKPN.swift */,
			);
			path = InformasiCalon;
			sourceTree = "<group>";
		};
		EF584433206B29D400BDBB4C /* Berita */ = {
			isa = PBXGroup;
			children = (
				EF9899832069E839007E7DA9 /* BeritaItem.swift */,
			);
			path = Berita;
			sourceTree = "<group>";
		};
		EF584436206B2C6800BDBB4C /* Sosial */ = {
			isa = PBXGroup;
			children = (
				EF584434206B2A5500BDBB4C /* DiskusiMessage.swift */,
				EF584446206B42CE00BDBB4C /* Channel.swift */,
				EFA7CFF2206C92400090DCF5 /* TimelinePost.swift */,
				EF65D5AE2074B1ED00C52D21 /* Comment.swift */,
			);
			path = Sosial;
			sourceTree = "<group>";
		};
		EF58443B206B33F400BDBB4C /* Chat */ = {
			isa = PBXGroup;
			children = (
				EF989996206A4853007E7DA9 /* ChatViewController.swift */,
				EF58443C206B341300BDBB4C /* Chat+MessageInputBarDelegate.swift */,
				EF58443E206B34F200BDBB4C /* Chat+MessagesDataSource.swift */,
				EF584440206B3B6B00BDBB4C /* Chat+MessagesLayoutDelegate.swift */,
				EF584442206B3BD600BDBB4C /* Chat+MessagesDisplayDelegate.swift */,
				EF584444206B3C0600BDBB4C /* Chat+MessagesCellDelegate.swift */,
				EF584456206B79D000BDBB4C /* Chat+MessageViewController.swift */,
			);
			path = Chat;
			sourceTree = "<group>";
		};
		EF5C92282075FA4E00DE876C /* Foundation */ = {
			isa = PBXGroup;
			children = (
				EF9B67742067A3860057215B /* Optional+Ext.swift */,
				EF9B679C20689DF80057215B /* String+Ext.swift */,
				EF584450206B6C6E00BDBB4C /* Set+Ext.swift */,
				EF584452206B6E9A00BDBB4C /* Array+Ext.swift */,
				EF584454206B77EB00BDBB4C /* Date+Ext.swift */,
			);
			path = Foundation;
			sourceTree = "<group>";
		};
		EF5C922B2075FA7900DE876C /* UIKit */ = {
			isa = PBXGroup;
			children = (
				EF5C92292075FA6B00DE876C /* UIViewController+Ext.swift */,
			);
			path = UIKit;
			sourceTree = "<group>";
		};
		EF957B43206904D7000E2098 /* Utilities */ = {
			isa = PBXGroup;
			children = (
				EF9B675320677F450057215B /* APIUtils.swift */,
			);
			path = Utilities;
			sourceTree = "<group>";
		};
		EF9899752069D90C007E7DA9 /* InformasiTab */ = {
			isa = PBXGroup;
			children = (
				EFEF12E3206739CA000A94CE /* InformasiViewController.swift */,
				EF9B67942068966A0057215B /* InformasiPilkada */,
				EF9B6797206896AC0057215B /* InformasiCalon */,
			);
			path = InformasiTab;
			sourceTree = "<group>";
		};
		EF98997C2069DA0A007E7DA9 /* TableViewCells */ = {
			isa = PBXGroup;
			children = (
				EF9899782069DA00007E7DA9 /* BeritaTableViewCell.swift */,
				EF9899792069DA00007E7DA9 /* BeritaTableViewCell.xib */,
				EF58444C206B645700BDBB4C /* ChannelTableViewCell.swift */,
				EF58444D206B645700BDBB4C /* ChannelTableViewCell.xib */,
				EF5C92242075C0C200DE876C /* CommentTableViewCell.swift */,
				EF5C92252075C0C200DE876C /* CommentTableViewCell.xib */,
			);
			path = TableViewCells;
			sourceTree = "<group>";
		};
		EF989989206A1A93007E7DA9 /* BeritaTab */ = {
			isa = PBXGroup;
			children = (
				EF9899762069D93C007E7DA9 /* BeritaPilkadaViewController.swift */,
				EF989987206A1486007E7DA9 /* WebViewController.swift */,
			);
			path = BeritaTab;
			sourceTree = "<group>";
		};
		EF98998C206A2561007E7DA9 /* SosialTab */ = {
			isa = PBXGroup;
			children = (
				EF584437206B306700BDBB4C /* ChannelViewController.swift */,
				EF58443B206B33F400BDBB4C /* Chat */,
				EF989998206A488F007E7DA9 /* TimelineViewController.swift */,
				EFA7CFEE206C8CC00090DCF5 /* PostEditorViewController.swift */,
				EF65D5B02074B39E00C52D21 /* CommentViewController.swift */,
			);
			path = SosialTab;
			sourceTree = "<group>";
		};
		EF98998F206A27E1007E7DA9 /* Wancana */ = {
			isa = PBXGroup;
			children = (
				EF98998D206A27CE007E7DA9 /* WacanaViewController.swift */,
			);
			path = Wancana;
			sourceTree = "<group>";
		};
		EF9899A2206A4A5B007E7DA9 /* XIBs */ = {
			isa = PBXGroup;
			children = (
				EF98999D206A4A07007E7DA9 /* ChatViewController.xib */,
				EFA7CFEF206C8CC00090DCF5 /* PostEditorViewController.xib */,
				EF65D5B22074CDC100C52D21 /* CommentViewController.xib */,
			);
			path = XIBs;
			sourceTree = "<group>";
		};
		EF9899A3206A4A6B007E7DA9 /* Storyboards */ = {
			isa = PBXGroup;
			children = (
				EFEF12A320672103000A94CE /* Main.storyboard */,
				EFEF12D420672E53000A94CE /* InformasiCalon.storyboard */,
				EFEF12D220672DD2000A94CE /* InformasiPilkada.storyboard */,
				EFEF12A820672103000A94CE /* LaunchScreen.storyboard */,
			);
			path = Storyboards;
			sourceTree = "<group>";
		};
		EF9B675520677F9A0057215B /* JSON */ = {
			isa = PBXGroup;
			children = (
				EF9B675120677F290057215B /* profile_calon.json */,
				EF9B6756206784B90057215B /* partisipasi_pilkada.json */,
				EF9B6758206784D20057215B /* anggaran_pilkada.json */,
				EF9B675A206785160057215B /* visi_misi_wahidin_andika.json */,
				EF9B675C206785710057215B /* visi_misi_rano_embay.json */,
				EF9B67602067860A0057215B /* tahapan_pilkada.json */,
				EF9B6762206786570057215B /* program_unggulan_rano_embay.json */,
				EF9B6764206786AA0057215B /* prioritas_program_wahidin_andika.json */,
				EF9B6766206786E70057215B /* lhkpn.json */,
				EF98997D2069DF01007E7DA9 /* PEMILU_KEY.json */,
				EF9899812069E7B7007E7DA9 /* berita_pilkada.json */,
				EFB79AAE207B0885001B143B /* 2018 */,
			);
			path = JSON;
			sourceTree = "<group>";
		};
		EF9B67732067A34F0057215B /* Extensions */ = {
			isa = PBXGroup;
			children = (
				EF9B679E20689E090057215B /* Primitive */,
				EF9B676F2067A2E70057215B /* PartisipasiPilkada+Ext.swift */,
				EF9B6784206870500057215B /* AnggaranPilkada+Ext.swift */,
				EF9B679220688E5E0057215B /* TahapanPilkada+Ext.swift */,
				EF9B679A206899BF0057215B /* ProfilCalon+Ext.swift */,
				EF5803872071CA4200C8E5E5 /* MateriWacana+Ext.swift */,
			);
			path = Extensions;
			sourceTree = "<group>";
		};
		EF9B67782067BE3E0057215B /* Protocols */ = {
			isa = PBXGroup;
			children = (
				EF9B676C2067A2010057215B /* JSONConstructor.swift */,
			);
			path = Protocols;
			sourceTree = "<group>";
		};
		EF9B677F2067CF520057215B /* CollectionViewCells */ = {
			isa = PBXGroup;
			children = (
				EF9B677B2067CF460057215B /* PartisipasiPilkadaCollectionViewCell.swift */,
				EF9B677C2067CF460057215B /* PartisipasiPilkadaCollectionViewCell.xib */,
				EF9B6786206871BC0057215B /* AnggaranPilkadaCollectionViewCell.swift */,
				EF9B6787206871BC0057215B /* AnggaranPilkadaCollectionViewCell.xib */,
				EF9B678C20688DCA0057215B /* TahapanPilkadaCollectionViewCell.swift */,
				EF9B678D20688DCA0057215B /* TahapanPilkadaCollectionViewCell.xib */,
				EF957B212068C18D000E2098 /* InformasiCalonCollectionViewCell.swift */,
				EF957B222068C18D000E2098 /* InformasiCalonCollectionViewCell.xib */,
				EF957B2F2068D87D000E2098 /* VisiMisiCalonCollectionViewCell.swift */,
				EF957B302068D87D000E2098 /* VisiMisiCalonCollectionViewCell.xib */,
				EF957B332068D8AD000E2098 /* ProgramUnggulanCalonCollectionViewCell.swift */,
				EF957B342068D8AD000E2098 /* ProgramUnggulanCalonCollectionViewCell.xib */,
				EF957B372068D8D3000E2098 /* PrioritasProgramCalonCollectionViewCell.swift */,
				EF957B382068D8D3000E2098 /* PrioritasProgramCalonCollectionViewCell.xib */,
				EF957B3B2068D8EB000E2098 /* LHKPNCollectionViewCell.swift */,
				EF957B3C2068D8EB000E2098 /* LHKPNCollectionViewCell.xib */,
				EF989990206A28C2007E7DA9 /* WacanaCollectionViewCell.swift */,
				EF989991206A28C2007E7DA9 /* WacanaCollectionViewCell.xib */,
				EFA7CFEA206C82B20090DCF5 /* TimelineCollectionViewCell.swift */,
				EFA7CFEB206C82B20090DCF5 /* TimelineCollectionViewCell.xib */,
			);
			path = CollectionViewCells;
			sourceTree = "<group>";
		};
		EF9B67942068966A0057215B /* InformasiPilkada */ = {
			isa = PBXGroup;
			children = (
				EF9B674F20677DC90057215B /* InformasiPilkadaViewController.swift */,
				EF9B67792067BE9C0057215B /* PartisipasiPilkadaViewController.swift */,
				EF9B678020686F470057215B /* AnggaranPilkadaViewController.swift */,
				EF9B678A20688D7B0057215B /* TahapanPilkadaViewController.swift */,
			);
			path = InformasiPilkada;
			sourceTree = "<group>";
		};
		EF9B6797206896AC0057215B /* InformasiCalon */ = {
			isa = PBXGroup;
			children = (
				EF9B67952068968C0057215B /* InformasiCalonViewController.swift */,
				EF957B252068CEFB000E2098 /* DetailCalonViewController.swift */,
			);
			path = InformasiCalon;
			sourceTree = "<group>";
		};
		EF9B679E20689E090057215B /* Primitive */ = {
			isa = PBXGroup;
			children = (
				EF5C92282075FA4E00DE876C /* Foundation */,
				EF5C922B2075FA7900DE876C /* UIKit */,
			);
			path = Primitive;
			sourceTree = "<group>";
		};
		EFB79AAE207B0885001B143B /* 2018 */ = {
			isa = PBXGroup;
			children = (
				EF7F6E7F206F74C2002B2641 /* materi_wacana.json */,
				EFB79AAF207B0986001B143B /* tahapan_pilkada_2018.json */,
				EFB79AB1207B09AF001B143B /* profil_calon_2018.json */,
				EFB79AB3207B0C07001B143B /* dana_paslon_2018.json */,
			);
			path = 2018;
			sourceTree = "<group>";
		};
		EFEF129320672103000A94CE = {
			isa = PBXGroup;
			children = (
				EFEF129E20672103000A94CE /* PilkadaJateng */,
				EFEF12B320672104000A94CE /* PilkadaJatengTests */,
				EFEF12BE20672104000A94CE /* PilkadaJatengUITests */,
				EFEF129D20672103000A94CE /* Products */,
				D82F6639E0729380A998223E /* Pods */,
				2F4F76652966EF7AFFADACE5 /* Frameworks */,
			);
			sourceTree = "<group>";
		};
		EFEF129D20672103000A94CE /* Products */ = {
			isa = PBXGroup;
			children = (
				EFEF129C20672103000A94CE /* PilkadaJateng.app */,
				EFEF12B020672104000A94CE /* PilkadaJatengTests.xctest */,
				EFEF12BB20672104000A94CE /* PilkadaJatengUITests.xctest */,
			);
			name = Products;
			sourceTree = "<group>";
		};
		EFEF129E20672103000A94CE /* PilkadaJateng */ = {
			isa = PBXGroup;
			children = (
				EFEF12D82067309F000A94CE /* Supporting Files */,
				EFEF12D9206730B0000A94CE /* Scenes */,
				EFEF12D720672EB5000A94CE /* Layouts */,
				EFEF12DC206730E3000A94CE /* Services */,
				EF957B43206904D7000E2098 /* Utilities */,
				EF9B67782067BE3E0057215B /* Protocols */,
				EFEF12DF2067328A000A94CE /* Models */,
				EFEF12A620672103000A94CE /* Assets.xcassets */,
				EFEF12E2206734B3000A94CE /* Mocks */,
				EF9B67732067A34F0057215B /* Extensions */,
			);
			path = PilkadaJateng;
			sourceTree = "<group>";
		};
		EFEF12B320672104000A94CE /* PilkadaJatengTests */ = {
			isa = PBXGroup;
			children = (
				EFEF12B420672104000A94CE /* PilkadaJatengTests.swift */,
				EFEF12B620672104000A94CE /* Info.plist */,
			);
			path = PilkadaJatengTests;
			sourceTree = "<group>";
		};
		EFEF12BE20672104000A94CE /* PilkadaJatengUITests */ = {
			isa = PBXGroup;
			children = (
				EFEF12BF20672104000A94CE /* PilkadaJatengUITests.swift */,
				EFEF12C120672104000A94CE /* Info.plist */,
			);
			path = PilkadaJatengUITests;
			sourceTree = "<group>";
		};
		EFEF12D720672EB5000A94CE /* Layouts */ = {
			isa = PBXGroup;
			children = (
				EF9899A3206A4A6B007E7DA9 /* Storyboards */,
				EF9B677F2067CF520057215B /* CollectionViewCells */,
				EF98997C2069DA0A007E7DA9 /* TableViewCells */,
				EF9899A2206A4A5B007E7DA9 /* XIBs */,
				EF58038B2071E16600C8E5E5 /* Swift */,
			);
			path = Layouts;
			sourceTree = "<group>";
		};
		EFEF12D82067309F000A94CE /* Supporting Files */ = {
			isa = PBXGroup;
			children = (
				EFEF129F20672103000A94CE /* AppDelegate.swift */,
				EFEF12AB20672103000A94CE /* Info.plist */,
				EFEF12CD206725D7000A94CE /* GoogleService-Info.plist */,
				EFEF12E5206739EA000A94CE /* Application.swift */,
			);
			path = "Supporting Files";
			sourceTree = "<group>";
		};
		EFEF12D9206730B0000A94CE /* Scenes */ = {
			isa = PBXGroup;
			children = (
				EFEF12A120672103000A94CE /* LoginViewController.swift */,
				EF508C99207B164900726589 /* MainTabBarController.swift */,
				EF9899752069D90C007E7DA9 /* InformasiTab */,
				EF989989206A1A93007E7DA9 /* BeritaTab */,
				EF98998C206A2561007E7DA9 /* SosialTab */,
				EF98998F206A27E1007E7DA9 /* Wancana */,
			);
			path = Scenes;
			sourceTree = "<group>";
		};
		EFEF12DC206730E3000A94CE /* Services */ = {
			isa = PBXGroup;
			children = (
				EFEF12DA206730D9000A94CE /* AuthServices.swift */,
				EFEF12E7206742E5000A94CE /* InformasiService.swift */,
				EF9B674D20677BAA0057215B /* NetworkManager.swift */,
				EF9899852069F1C1007E7DA9 /* BeritaPilkadaService.swift */,
				EF584448206B5D8200BDBB4C /* ChatService.swift */,
				EF58444A206B5E5C00BDBB4C /* ChannelService.swift */,
				EFA7CFE8206C7CD60090DCF5 /* TimelineService.swift */,
				EF7F6E81206F74FE002B2641 /* WacanaService.swift */,
				EF65D5AC2074AFFF00C52D21 /* CommentService.swift */,
			);
			path = Services;
			sourceTree = "<group>";
		};
		EFEF12DF2067328A000A94CE /* Models */ = {
			isa = PBXGroup;
			children = (
				EFEF12DD2067327C000A94CE /* User.swift */,
				EF584431206B29A100BDBB4C /* InformasiPilkada */,
				EF584432206B29BC00BDBB4C /* InformasiCalon */,
				EF584433206B29D400BDBB4C /* Berita */,
				EF584436206B2C6800BDBB4C /* Sosial */,
				EF5803822071C85700C8E5E5 /* Wacana */,
			);
			path = Models;
			sourceTree = "<group>";
		};
		EFEF12E2206734B3000A94CE /* Mocks */ = {
			isa = PBXGroup;
			children = (
				EF9B675520677F9A0057215B /* JSON */,
				EFEF12E0206734AD000A94CE /* MockProvider.swift */,
				EF98997F2069E211007E7DA9 /* PEMILU_KEY.swift */,
				EF9B67762067AAB20057215B /* Tester.swift */,
			);
			path = Mocks;
			sourceTree = "<group>";
		};
/* End PBXGroup section */

/* Begin PBXNativeTarget section */
		EFEF129B20672103000A94CE /* PilkadaJateng */ = {
			isa = PBXNativeTarget;
			buildConfigurationList = EFEF12C420672104000A94CE /* Build configuration list for PBXNativeTarget "PilkadaJateng" */;
			buildPhases = (
				55421876CD9F052F23CB1E92 /* [CP] Check Pods Manifest.lock */,
				EFEF129820672103000A94CE /* Sources */,
				EFEF129920672103000A94CE /* Frameworks */,
				EFEF129A20672103000A94CE /* Resources */,
				D4868491D2C632A0C26C98CD /* [CP] Embed Pods Frameworks */,
				502EFACD0C03D405A4E237E0 /* [CP] Copy Pods Resources */,
			);
			buildRules = (
			);
			dependencies = (
			);
			name = PilkadaJateng;
			productName = PilkadaJateng;
			productReference = EFEF129C20672103000A94CE /* PilkadaJateng.app */;
			productType = "com.apple.product-type.application";
		};
		EFEF12AF20672104000A94CE /* PilkadaJatengTests */ = {
			isa = PBXNativeTarget;
			buildConfigurationList = EFEF12C720672104000A94CE /* Build configuration list for PBXNativeTarget "PilkadaJatengTests" */;
			buildPhases = (
				5C999DF34CD9087E1C26345B /* [CP] Check Pods Manifest.lock */,
				EFEF12AC20672104000A94CE /* Sources */,
				EFEF12AD20672104000A94CE /* Frameworks */,
				EFEF12AE20672104000A94CE /* Resources */,
				2042A35F015C7373186754F2 /* [CP] Embed Pods Frameworks */,
				5E354279BE59D734B76AEB42 /* [CP] Copy Pods Resources */,
			);
			buildRules = (
			);
			dependencies = (
				EFEF12B220672104000A94CE /* PBXTargetDependency */,
			);
			name = PilkadaJatengTests;
			productName = PilkadaJatengTests;
			productReference = EFEF12B020672104000A94CE /* PilkadaJatengTests.xctest */;
			productType = "com.apple.product-type.bundle.unit-test";
		};
		EFEF12BA20672104000A94CE /* PilkadaJatengUITests */ = {
			isa = PBXNativeTarget;
			buildConfigurationList = EFEF12CA20672104000A94CE /* Build configuration list for PBXNativeTarget "PilkadaJatengUITests" */;
			buildPhases = (
				57CED72FB8A5DF7513096C7F /* [CP] Check Pods Manifest.lock */,
				EFEF12B720672104000A94CE /* Sources */,
				EFEF12B820672104000A94CE /* Frameworks */,
				EFEF12B920672104000A94CE /* Resources */,
				CCF8942E28E85A6393A18E5C /* [CP] Embed Pods Frameworks */,
				ECF404DD22D55B7299334269 /* [CP] Copy Pods Resources */,
			);
			buildRules = (
			);
			dependencies = (
				EFEF12BD20672104000A94CE /* PBXTargetDependency */,
			);
			name = PilkadaJatengUITests;
			productName = PilkadaJatengUITests;
			productReference = EFEF12BB20672104000A94CE /* PilkadaJatengUITests.xctest */;
			productType = "com.apple.product-type.bundle.ui-testing";
		};
/* End PBXNativeTarget section */

/* Begin PBXProject section */
		EFEF129420672103000A94CE /* Project object */ = {
			isa = PBXProject;
			attributes = {
				LastSwiftUpdateCheck = 0920;
				LastUpgradeCheck = 0920;
				ORGANIZATIONNAME = PondokiOS;
				TargetAttributes = {
					EFEF129B20672103000A94CE = {
						CreatedOnToolsVersion = 9.2;
						ProvisioningStyle = Automatic;
					};
					EFEF12AF20672104000A94CE = {
						CreatedOnToolsVersion = 9.2;
						ProvisioningStyle = Automatic;
						TestTargetID = EFEF129B20672103000A94CE;
					};
					EFEF12BA20672104000A94CE = {
						CreatedOnToolsVersion = 9.2;
						ProvisioningStyle = Automatic;
						TestTargetID = EFEF129B20672103000A94CE;
					};
				};
			};
			buildConfigurationList = EFEF129720672103000A94CE /* Build configuration list for PBXProject "PilkadaJateng" */;
			compatibilityVersion = "Xcode 8.0";
			developmentRegion = en;
			hasScannedForEncodings = 0;
			knownRegions = (
				en,
				Base,
			);
			mainGroup = EFEF129320672103000A94CE;
			productRefGroup = EFEF129D20672103000A94CE /* Products */;
			projectDirPath = "";
			projectRoot = "";
			targets = (
				EFEF129B20672103000A94CE /* PilkadaJateng */,
				EFEF12AF20672104000A94CE /* PilkadaJatengTests */,
				EFEF12BA20672104000A94CE /* PilkadaJatengUITests */,
			);
		};
/* End PBXProject section */

/* Begin PBXResourcesBuildPhase section */
		EFEF129A20672103000A94CE /* Resources */ = {
			isa = PBXResourcesBuildPhase;
			buildActionMask = 2147483647;
			files = (
				EF957B3E2068D8EB000E2098 /* LHKPNCollectionViewCell.xib in Resources */,
				EFEF12AA20672103000A94CE /* LaunchScreen.storyboard in Resources */,
				EF98999F206A4A07007E7DA9 /* ChatViewController.xib in Resources */,
				EF98997B2069DA00007E7DA9 /* BeritaTableViewCell.xib in Resources */,
				EFEF12D620672E53000A94CE /* InformasiCalon.storyboard in Resources */,
				EF9B6759206784D20057215B /* anggaran_pilkada.json in Resources */,
				EF957B242068C18D000E2098 /* InformasiCalonCollectionViewCell.xib in Resources */,
				EFB79AB2207B09AF001B143B /* profil_calon_2018.json in Resources */,
				EF5C92272075C0C300DE876C /* CommentTableViewCell.xib in Resources */,
				EF9B675D206785710057215B /* visi_misi_rano_embay.json in Resources */,
				EF957B3A2068D8D3000E2098 /* PrioritasProgramCalonCollectionViewCell.xib in Resources */,
				EFEF12D320672DD2000A94CE /* InformasiPilkada.storyboard in Resources */,
				EFEF12CE206725D8000A94CE /* GoogleService-Info.plist in Resources */,
				EF989993206A28C2007E7DA9 /* WacanaCollectionViewCell.xib in Resources */,
				EFA7CFED206C82B20090DCF5 /* TimelineCollectionViewCell.xib in Resources */,
				EF9B67612067860A0057215B /* tahapan_pilkada.json in Resources */,
				EFEF12A720672103000A94CE /* Assets.xcassets in Resources */,
				EF9B6763206786570057215B /* program_unggulan_rano_embay.json in Resources */,
				EF9B678F20688DCA0057215B /* TahapanPilkadaCollectionViewCell.xib in Resources */,
				EFB79AB0207B0986001B143B /* tahapan_pilkada_2018.json in Resources */,
				EFEF12A520672103000A94CE /* Main.storyboard in Resources */,
				EFA7CFF1206C8CC00090DCF5 /* PostEditorViewController.xib in Resources */,
				EF9899822069E7B7007E7DA9 /* berita_pilkada.json in Resources */,
				EF9B6789206871BC0057215B /* AnggaranPilkadaCollectionViewCell.xib in Resources */,
				EF9B6757206784B90057215B /* partisipasi_pilkada.json in Resources */,
				EF9B675220677F290057215B /* profile_calon.json in Resources */,
				EF58444F206B645700BDBB4C /* ChannelTableViewCell.xib in Resources */,
				EF9B6767206786E70057215B /* lhkpn.json in Resources */,
				EF98997E2069DF01007E7DA9 /* PEMILU_KEY.json in Resources */,
				EF65D5B32074CDC100C52D21 /* CommentViewController.xib in Resources */,
				EF9B675B206785160057215B /* visi_misi_wahidin_andika.json in Resources */,
				EF957B322068D87D000E2098 /* VisiMisiCalonCollectionViewCell.xib in Resources */,
				EF957B362068D8AD000E2098 /* ProgramUnggulanCalonCollectionViewCell.xib in Resources */,
				EF9B6765206786AA0057215B /* prioritas_program_wahidin_andika.json in Resources */,
				EFB79AB4207B0C07001B143B /* dana_paslon_2018.json in Resources */,
				EF9B677E2067CF460057215B /* PartisipasiPilkadaCollectionViewCell.xib in Resources */,
				EF7F6E80206F74C2002B2641 /* materi_wacana.json in Resources */,
			);
			runOnlyForDeploymentPostprocessing = 0;
		};
		EFEF12AE20672104000A94CE /* Resources */ = {
			isa = PBXResourcesBuildPhase;
			buildActionMask = 2147483647;
			files = (
			);
			runOnlyForDeploymentPostprocessing = 0;
		};
		EFEF12B920672104000A94CE /* Resources */ = {
			isa = PBXResourcesBuildPhase;
			buildActionMask = 2147483647;
			files = (
			);
			runOnlyForDeploymentPostprocessing = 0;
		};
/* End PBXResourcesBuildPhase section */

/* Begin PBXShellScriptBuildPhase section */
		2042A35F015C7373186754F2 /* [CP] Embed Pods Frameworks */ = {
			isa = PBXShellScriptBuildPhase;
			buildActionMask = 2147483647;
			files = (
			);
			inputPaths = (
			);
			name = "[CP] Embed Pods Frameworks";
			outputPaths = (
			);
			runOnlyForDeploymentPostprocessing = 0;
			shellPath = /bin/sh;
			shellScript = "\"${SRCROOT}/Pods/Target Support Files/Pods-PilkadaJatengTests/Pods-PilkadaJatengTests-frameworks.sh\"\n";
			showEnvVarsInLog = 0;
		};
		502EFACD0C03D405A4E237E0 /* [CP] Copy Pods Resources */ = {
			isa = PBXShellScriptBuildPhase;
			buildActionMask = 2147483647;
			files = (
			);
			inputPaths = (
			);
			name = "[CP] Copy Pods Resources";
			outputPaths = (
			);
			runOnlyForDeploymentPostprocessing = 0;
			shellPath = /bin/sh;
			shellScript = "\"${SRCROOT}/Pods/Target Support Files/Pods-PilkadaJateng/Pods-PilkadaJateng-resources.sh\"\n";
			showEnvVarsInLog = 0;
		};
		55421876CD9F052F23CB1E92 /* [CP] Check Pods Manifest.lock */ = {
			isa = PBXShellScriptBuildPhase;
			buildActionMask = 2147483647;
			files = (
			);
			inputPaths = (
				"${PODS_PODFILE_DIR_PATH}/Podfile.lock",
				"${PODS_ROOT}/Manifest.lock",
			);
			name = "[CP] Check Pods Manifest.lock";
			outputPaths = (
				"$(DERIVED_FILE_DIR)/Pods-PilkadaJateng-checkManifestLockResult.txt",
			);
			runOnlyForDeploymentPostprocessing = 0;
			shellPath = /bin/sh;
			shellScript = "diff \"${PODS_PODFILE_DIR_PATH}/Podfile.lock\" \"${PODS_ROOT}/Manifest.lock\" > /dev/null\nif [ $? != 0 ] ; then\n    # print error to STDERR\n    echo \"error: The sandbox is not in sync with the Podfile.lock. Run 'pod install' or update your CocoaPods installation.\" >&2\n    exit 1\nfi\n# This output is used by Xcode 'outputs' to avoid re-running this script phase.\necho \"SUCCESS\" > \"${SCRIPT_OUTPUT_FILE_0}\"\n";
			showEnvVarsInLog = 0;
		};
		57CED72FB8A5DF7513096C7F /* [CP] Check Pods Manifest.lock */ = {
			isa = PBXShellScriptBuildPhase;
			buildActionMask = 2147483647;
			files = (
			);
			inputPaths = (
				"${PODS_PODFILE_DIR_PATH}/Podfile.lock",
				"${PODS_ROOT}/Manifest.lock",
			);
			name = "[CP] Check Pods Manifest.lock";
			outputPaths = (
				"$(DERIVED_FILE_DIR)/Pods-PilkadaJatengUITests-checkManifestLockResult.txt",
			);
			runOnlyForDeploymentPostprocessing = 0;
			shellPath = /bin/sh;
			shellScript = "diff \"${PODS_PODFILE_DIR_PATH}/Podfile.lock\" \"${PODS_ROOT}/Manifest.lock\" > /dev/null\nif [ $? != 0 ] ; then\n    # print error to STDERR\n    echo \"error: The sandbox is not in sync with the Podfile.lock. Run 'pod install' or update your CocoaPods installation.\" >&2\n    exit 1\nfi\n# This output is used by Xcode 'outputs' to avoid re-running this script phase.\necho \"SUCCESS\" > \"${SCRIPT_OUTPUT_FILE_0}\"\n";
			showEnvVarsInLog = 0;
		};
		5C999DF34CD9087E1C26345B /* [CP] Check Pods Manifest.lock */ = {
			isa = PBXShellScriptBuildPhase;
			buildActionMask = 2147483647;
			files = (
			);
			inputPaths = (
				"${PODS_PODFILE_DIR_PATH}/Podfile.lock",
				"${PODS_ROOT}/Manifest.lock",
			);
			name = "[CP] Check Pods Manifest.lock";
			outputPaths = (
				"$(DERIVED_FILE_DIR)/Pods-PilkadaJatengTests-checkManifestLockResult.txt",
			);
			runOnlyForDeploymentPostprocessing = 0;
			shellPath = /bin/sh;
			shellScript = "diff \"${PODS_PODFILE_DIR_PATH}/Podfile.lock\" \"${PODS_ROOT}/Manifest.lock\" > /dev/null\nif [ $? != 0 ] ; then\n    # print error to STDERR\n    echo \"error: The sandbox is not in sync with the Podfile.lock. Run 'pod install' or update your CocoaPods installation.\" >&2\n    exit 1\nfi\n# This output is used by Xcode 'outputs' to avoid re-running this script phase.\necho \"SUCCESS\" > \"${SCRIPT_OUTPUT_FILE_0}\"\n";
			showEnvVarsInLog = 0;
		};
		5E354279BE59D734B76AEB42 /* [CP] Copy Pods Resources */ = {
			isa = PBXShellScriptBuildPhase;
			buildActionMask = 2147483647;
			files = (
			);
			inputPaths = (
			);
			name = "[CP] Copy Pods Resources";
			outputPaths = (
			);
			runOnlyForDeploymentPostprocessing = 0;
			shellPath = /bin/sh;
			shellScript = "\"${SRCROOT}/Pods/Target Support Files/Pods-PilkadaJatengTests/Pods-PilkadaJatengTests-resources.sh\"\n";
			showEnvVarsInLog = 0;
		};
		CCF8942E28E85A6393A18E5C /* [CP] Embed Pods Frameworks */ = {
			isa = PBXShellScriptBuildPhase;
			buildActionMask = 2147483647;
			files = (
			);
			inputPaths = (
			);
			name = "[CP] Embed Pods Frameworks";
			outputPaths = (
			);
			runOnlyForDeploymentPostprocessing = 0;
			shellPath = /bin/sh;
			shellScript = "\"${SRCROOT}/Pods/Target Support Files/Pods-PilkadaJatengUITests/Pods-PilkadaJatengUITests-frameworks.sh\"\n";
			showEnvVarsInLog = 0;
		};
		D4868491D2C632A0C26C98CD /* [CP] Embed Pods Frameworks */ = {
			isa = PBXShellScriptBuildPhase;
			buildActionMask = 2147483647;
			files = (
			);
			inputPaths = (
				"${SRCROOT}/Pods/Target Support Files/Pods-PilkadaJateng/Pods-PilkadaJateng-frameworks.sh",
				"${BUILT_PRODUCTS_DIR}/GTMSessionFetcher/GTMSessionFetcher.framework",
				"${BUILT_PRODUCTS_DIR}/GoogleToolboxForMac/GoogleToolboxForMac.framework",
				"${BUILT_PRODUCTS_DIR}/IQKeyboardManagerSwift/IQKeyboardManagerSwift.framework",
				"${BUILT_PRODUCTS_DIR}/MessageKit/MessageKit.framework",
				"${BUILT_PRODUCTS_DIR}/PKHUD/PKHUD.framework",
				"${BUILT_PRODUCTS_DIR}/SwiftyJSON/SwiftyJSON.framework",
				"${BUILT_PRODUCTS_DIR}/TimelineTableViewCell/TimelineTableViewCell.framework",
				"${BUILT_PRODUCTS_DIR}/XLPagerTabStrip/XLPagerTabStrip.framework",
				"${BUILT_PRODUCTS_DIR}/leveldb-library/leveldb.framework",
				"${BUILT_PRODUCTS_DIR}/lottie-ios/Lottie.framework",
				"${BUILT_PRODUCTS_DIR}/nanopb/nanopb.framework",
			);
			name = "[CP] Embed Pods Frameworks";
			outputPaths = (
				"${TARGET_BUILD_DIR}/${FRAMEWORKS_FOLDER_PATH}/GTMSessionFetcher.framework",
				"${TARGET_BUILD_DIR}/${FRAMEWORKS_FOLDER_PATH}/GoogleToolboxForMac.framework",
				"${TARGET_BUILD_DIR}/${FRAMEWORKS_FOLDER_PATH}/IQKeyboardManagerSwift.framework",
				"${TARGET_BUILD_DIR}/${FRAMEWORKS_FOLDER_PATH}/MessageKit.framework",
				"${TARGET_BUILD_DIR}/${FRAMEWORKS_FOLDER_PATH}/PKHUD.framework",
				"${TARGET_BUILD_DIR}/${FRAMEWORKS_FOLDER_PATH}/SwiftyJSON.framework",
				"${TARGET_BUILD_DIR}/${FRAMEWORKS_FOLDER_PATH}/TimelineTableViewCell.framework",
				"${TARGET_BUILD_DIR}/${FRAMEWORKS_FOLDER_PATH}/XLPagerTabStrip.framework",
				"${TARGET_BUILD_DIR}/${FRAMEWORKS_FOLDER_PATH}/leveldb.framework",
				"${TARGET_BUILD_DIR}/${FRAMEWORKS_FOLDER_PATH}/Lottie.framework",
				"${TARGET_BUILD_DIR}/${FRAMEWORKS_FOLDER_PATH}/nanopb.framework",
			);
			runOnlyForDeploymentPostprocessing = 0;
			shellPath = /bin/sh;
			shellScript = "\"${SRCROOT}/Pods/Target Support Files/Pods-PilkadaJateng/Pods-PilkadaJateng-frameworks.sh\"\n";
			showEnvVarsInLog = 0;
		};
		ECF404DD22D55B7299334269 /* [CP] Copy Pods Resources */ = {
			isa = PBXShellScriptBuildPhase;
			buildActionMask = 2147483647;
			files = (
			);
			inputPaths = (
			);
			name = "[CP] Copy Pods Resources";
			outputPaths = (
			);
			runOnlyForDeploymentPostprocessing = 0;
			shellPath = /bin/sh;
			shellScript = "\"${SRCROOT}/Pods/Target Support Files/Pods-PilkadaJatengUITests/Pods-PilkadaJatengUITests-resources.sh\"\n";
			showEnvVarsInLog = 0;
		};
/* End PBXShellScriptBuildPhase section */

/* Begin PBXSourcesBuildPhase section */
		EFEF129820672103000A94CE /* Sources */ = {
			isa = PBXSourcesBuildPhase;
			buildActionMask = 2147483647;
			files = (
				EF9B675420677F450057215B /* APIUtils.swift in Sources */,
				EF9B679B206899BF0057215B /* ProfilCalon+Ext.swift in Sources */,
				EF584445206B3C0600BDBB4C /* Chat+MessagesCellDelegate.swift in Sources */,
				EF58444B206B5E5C00BDBB4C /* ChannelService.swift in Sources */,
				EF98998E206A27CE007E7DA9 /* WacanaViewController.swift in Sources */,
				EF584453206B6E9A00BDBB4C /* Array+Ext.swift in Sources */,
				EF9B67702067A2E70057215B /* PartisipasiPilkada+Ext.swift in Sources */,
				EF9B675020677DC90057215B /* InformasiPilkadaViewController.swift in Sources */,
				EF5C92262075C0C300DE876C /* CommentTableViewCell.swift in Sources */,
				EF58444E206B645700BDBB4C /* ChannelTableViewCell.swift in Sources */,
				EF9B677A2067BE9C0057215B /* PartisipasiPilkadaViewController.swift in Sources */,
				EFEF12E1206734AD000A94CE /* MockProvider.swift in Sources */,
				EF9B677D2067CF460057215B /* PartisipasiPilkadaCollectionViewCell.swift in Sources */,
				EF584451206B6C6E00BDBB4C /* Set+Ext.swift in Sources */,
				EF9B67992068985A0057215B /* ProfilCalon.swift in Sources */,
				EF957B262068CEFB000E2098 /* DetailCalonViewController.swift in Sources */,
				EF9B679D20689DF80057215B /* String+Ext.swift in Sources */,
				EF989999206A488F007E7DA9 /* TimelineViewController.swift in Sources */,
				EF9B678120686F470057215B /* AnggaranPilkadaViewController.swift in Sources */,
				EF5803812071C85000C8E5E5 /* MateriWacana.swift in Sources */,
				EF9B67752067A3860057215B /* Optional+Ext.swift in Sources */,
				EF5803882071CA4200C8E5E5 /* MateriWacana+Ext.swift in Sources */,
				EF9B676920679B2A0057215B /* PartisipasiPilkada.swift in Sources */,
				EFEF12E6206739EA000A94CE /* Application.swift in Sources */,
				EF9B679320688E5E0057215B /* TahapanPilkada+Ext.swift in Sources */,
				EF9B674E20677BAA0057215B /* NetworkManager.swift in Sources */,
				EF957B392068D8D3000E2098 /* PrioritasProgramCalonCollectionViewCell.swift in Sources */,
				EF65D5B12074B39E00C52D21 /* CommentViewController.swift in Sources */,
				EF989997206A4853007E7DA9 /* ChatViewController.swift in Sources */,
				EF9B678B20688D7B0057215B /* TahapanPilkadaViewController.swift in Sources */,
				EF9899772069D93C007E7DA9 /* BeritaPilkadaViewController.swift in Sources */,
				EFEF12DE2067327C000A94CE /* User.swift in Sources */,
				EFA7CFF3206C92400090DCF5 /* TimelinePost.swift in Sources */,
				EF65D5AF2074B1ED00C52D21 /* Comment.swift in Sources */,
				EFEF12A220672103000A94CE /* LoginViewController.swift in Sources */,
				EF58443F206B34F200BDBB4C /* Chat+MessagesDataSource.swift in Sources */,
				EF957B312068D87D000E2098 /* VisiMisiCalonCollectionViewCell.swift in Sources */,
				EF957B2E2068D676000E2098 /* LHKPN.swift in Sources */,
				EF957B2C2068D666000E2098 /* PrioritasProgramCalon.swift in Sources */,
				EF957B2A2068D63E000E2098 /* ProgramUnggulanCalon.swift in Sources */,
				EF9B679120688DF20057215B /* TahapanPilkada.swift in Sources */,
				EF98997A2069DA00007E7DA9 /* BeritaTableViewCell.swift in Sources */,
				EF508C9A207B164900726589 /* MainTabBarController.swift in Sources */,
				EFEF12A020672103000A94CE /* AppDelegate.swift in Sources */,
				EF9B678E20688DCA0057215B /* TahapanPilkadaCollectionViewCell.swift in Sources */,
				EF9899842069E839007E7DA9 /* BeritaItem.swift in Sources */,
				EF989992206A28C2007E7DA9 /* WacanaCollectionViewCell.swift in Sources */,
				EF9B67772067AAB20057215B /* Tester.swift in Sources */,
				EF9B678320686FD70057215B /* AnggaranPilkada.swift in Sources */,
				EF584443206B3BD600BDBB4C /* Chat+MessagesDisplayDelegate.swift in Sources */,
				EF584435206B2A5500BDBB4C /* DiskusiMessage.swift in Sources */,
				EF9B67962068968C0057215B /* InformasiCalonViewController.swift in Sources */,
				EF584447206B42CE00BDBB4C /* Channel.swift in Sources */,
				EF9899862069F1C1007E7DA9 /* BeritaPilkadaService.swift in Sources */,
				EFA7CFF0206C8CC00090DCF5 /* PostEditorViewController.swift in Sources */,
				EF58443D206B341300BDBB4C /* Chat+MessageInputBarDelegate.swift in Sources */,
				EF9B6788206871BC0057215B /* AnggaranPilkadaCollectionViewCell.swift in Sources */,
				EF9899802069E212007E7DA9 /* PEMILU_KEY.swift in Sources */,
				EFEF12DB206730D9000A94CE /* AuthServices.swift in Sources */,
				EF65D5AD2074AFFF00C52D21 /* CommentService.swift in Sources */,
				EF989988206A1486007E7DA9 /* WebViewController.swift in Sources */,
				EF9B676D2067A2010057215B /* JSONConstructor.swift in Sources */,
				EF5C922A2075FA6B00DE876C /* UIViewController+Ext.swift in Sources */,
				EFA7CFE9206C7CD60090DCF5 /* TimelineService.swift in Sources */,
				EF584455206B77EB00BDBB4C /* Date+Ext.swift in Sources */,
				EF957B352068D8AD000E2098 /* ProgramUnggulanCalonCollectionViewCell.swift in Sources */,
				EF584438206B306700BDBB4C /* ChannelViewController.swift in Sources */,
				EF584441206B3B6B00BDBB4C /* Chat+MessagesLayoutDelegate.swift in Sources */,
				EF7F6E82206F74FE002B2641 /* WacanaService.swift in Sources */,
				EF58038A2071E15F00C8E5E5 /* CardView.swift in Sources */,
				EF584449206B5D8200BDBB4C /* ChatService.swift in Sources */,
				EF9B6785206870500057215B /* AnggaranPilkada+Ext.swift in Sources */,
				EF957B282068D584000E2098 /* VisiMisiCalon.swift in Sources */,
				EF957B3D2068D8EB000E2098 /* LHKPNCollectionViewCell.swift in Sources */,
				EF584457206B79D000BDBB4C /* Chat+MessageViewController.swift in Sources */,
				EF957B232068C18D000E2098 /* InformasiCalonCollectionViewCell.swift in Sources */,
				EFEF12E4206739CA000A94CE /* InformasiViewController.swift in Sources */,
				EF5803842071C8FA00C8E5E5 /* DaftarMateri.swift in Sources */,
				EFA7CFEC206C82B20090DCF5 /* TimelineCollectionViewCell.swift in Sources */,
				EFEF12E8206742E5000A94CE /* InformasiService.swift in Sources */,
			);
			runOnlyForDeploymentPostprocessing = 0;
		};
		EFEF12AC20672104000A94CE /* Sources */ = {
			isa = PBXSourcesBuildPhase;
			buildActionMask = 2147483647;
			files = (
				EFEF12B520672104000A94CE /* PilkadaJatengTests.swift in Sources */,
			);
			runOnlyForDeploymentPostprocessing = 0;
		};
		EFEF12B720672104000A94CE /* Sources */ = {
			isa = PBXSourcesBuildPhase;
			buildActionMask = 2147483647;
			files = (
				EFEF12C020672104000A94CE /* PilkadaJatengUITests.swift in Sources */,
			);
			runOnlyForDeploymentPostprocessing = 0;
		};
/* End PBXSourcesBuildPhase section */

/* Begin PBXTargetDependency section */
		EFEF12B220672104000A94CE /* PBXTargetDependency */ = {
			isa = PBXTargetDependency;
			target = EFEF129B20672103000A94CE /* PilkadaJateng */;
			targetProxy = EFEF12B120672104000A94CE /* PBXContainerItemProxy */;
		};
		EFEF12BD20672104000A94CE /* PBXTargetDependency */ = {
			isa = PBXTargetDependency;
			target = EFEF129B20672103000A94CE /* PilkadaJateng */;
			targetProxy = EFEF12BC20672104000A94CE /* PBXContainerItemProxy */;
		};
/* End PBXTargetDependency section */

/* Begin PBXVariantGroup section */
		EFEF12A320672103000A94CE /* Main.storyboard */ = {
			isa = PBXVariantGroup;
			children = (
				EFEF12A420672103000A94CE /* Base */,
			);
			name = Main.storyboard;
			sourceTree = "<group>";
		};
		EFEF12A820672103000A94CE /* LaunchScreen.storyboard */ = {
			isa = PBXVariantGroup;
			children = (
				EFEF12A920672103000A94CE /* Base */,
			);
			name = LaunchScreen.storyboard;
			sourceTree = "<group>";
		};
		EFEF12D420672E53000A94CE /* InformasiCalon.storyboard */ = {
			isa = PBXVariantGroup;
			children = (
				EFEF12D520672E53000A94CE /* Base */,
			);
			name = InformasiCalon.storyboard;
			sourceTree = "<group>";
		};
/* End PBXVariantGroup section */

/* Begin XCBuildConfiguration section */
		EFEF12C220672104000A94CE /* Debug */ = {
			isa = XCBuildConfiguration;
			buildSettings = {
				ALWAYS_SEARCH_USER_PATHS = NO;
				CLANG_ANALYZER_NONNULL = YES;
				CLANG_ANALYZER_NUMBER_OBJECT_CONVERSION = YES_AGGRESSIVE;
				CLANG_CXX_LANGUAGE_STANDARD = "gnu++14";
				CLANG_CXX_LIBRARY = "libc++";
				CLANG_ENABLE_MODULES = YES;
				CLANG_ENABLE_OBJC_ARC = YES;
				CLANG_WARN_BLOCK_CAPTURE_AUTORELEASING = YES;
				CLANG_WARN_BOOL_CONVERSION = YES;
				CLANG_WARN_COMMA = YES;
				CLANG_WARN_CONSTANT_CONVERSION = YES;
				CLANG_WARN_DIRECT_OBJC_ISA_USAGE = YES_ERROR;
				CLANG_WARN_DOCUMENTATION_COMMENTS = YES;
				CLANG_WARN_EMPTY_BODY = YES;
				CLANG_WARN_ENUM_CONVERSION = YES;
				CLANG_WARN_INFINITE_RECURSION = YES;
				CLANG_WARN_INT_CONVERSION = YES;
				CLANG_WARN_NON_LITERAL_NULL_CONVERSION = YES;
				CLANG_WARN_OBJC_LITERAL_CONVERSION = YES;
				CLANG_WARN_OBJC_ROOT_CLASS = YES_ERROR;
				CLANG_WARN_RANGE_LOOP_ANALYSIS = YES;
				CLANG_WARN_STRICT_PROTOTYPES = YES;
				CLANG_WARN_SUSPICIOUS_MOVE = YES;
				CLANG_WARN_UNGUARDED_AVAILABILITY = YES_AGGRESSIVE;
				CLANG_WARN_UNREACHABLE_CODE = YES;
				CLANG_WARN__DUPLICATE_METHOD_MATCH = YES;
				CODE_SIGN_IDENTITY = "iPhone Developer";
				COPY_PHASE_STRIP = NO;
				DEBUG_INFORMATION_FORMAT = dwarf;
				ENABLE_STRICT_OBJC_MSGSEND = YES;
				ENABLE_TESTABILITY = YES;
				GCC_C_LANGUAGE_STANDARD = gnu11;
				GCC_DYNAMIC_NO_PIC = NO;
				GCC_NO_COMMON_BLOCKS = YES;
				GCC_OPTIMIZATION_LEVEL = 0;
				GCC_PREPROCESSOR_DEFINITIONS = (
					"DEBUG=1",
					"$(inherited)",
				);
				GCC_WARN_64_TO_32_BIT_CONVERSION = YES;
				GCC_WARN_ABOUT_RETURN_TYPE = YES_ERROR;
				GCC_WARN_UNDECLARED_SELECTOR = YES;
				GCC_WARN_UNINITIALIZED_AUTOS = YES_AGGRESSIVE;
				GCC_WARN_UNUSED_FUNCTION = YES;
				GCC_WARN_UNUSED_VARIABLE = YES;
				IPHONEOS_DEPLOYMENT_TARGET = 9.3;
				MTL_ENABLE_DEBUG_INFO = YES;
				ONLY_ACTIVE_ARCH = YES;
				SDKROOT = iphoneos;
				SWIFT_ACTIVE_COMPILATION_CONDITIONS = DEBUG;
				SWIFT_OPTIMIZATION_LEVEL = "-Onone";
			};
			name = Debug;
		};
		EFEF12C320672104000A94CE /* Release */ = {
			isa = XCBuildConfiguration;
			buildSettings = {
				ALWAYS_SEARCH_USER_PATHS = NO;
				CLANG_ANALYZER_NONNULL = YES;
				CLANG_ANALYZER_NUMBER_OBJECT_CONVERSION = YES_AGGRESSIVE;
				CLANG_CXX_LANGUAGE_STANDARD = "gnu++14";
				CLANG_CXX_LIBRARY = "libc++";
				CLANG_ENABLE_MODULES = YES;
				CLANG_ENABLE_OBJC_ARC = YES;
				CLANG_WARN_BLOCK_CAPTURE_AUTORELEASING = YES;
				CLANG_WARN_BOOL_CONVERSION = YES;
				CLANG_WARN_COMMA = YES;
				CLANG_WARN_CONSTANT_CONVERSION = YES;
				CLANG_WARN_DIRECT_OBJC_ISA_USAGE = YES_ERROR;
				CLANG_WARN_DOCUMENTATION_COMMENTS = YES;
				CLANG_WARN_EMPTY_BODY = YES;
				CLANG_WARN_ENUM_CONVERSION = YES;
				CLANG_WARN_INFINITE_RECURSION = YES;
				CLANG_WARN_INT_CONVERSION = YES;
				CLANG_WARN_NON_LITERAL_NULL_CONVERSION = YES;
				CLANG_WARN_OBJC_LITERAL_CONVERSION = YES;
				CLANG_WARN_OBJC_ROOT_CLASS = YES_ERROR;
				CLANG_WARN_RANGE_LOOP_ANALYSIS = YES;
				CLANG_WARN_STRICT_PROTOTYPES = YES;
				CLANG_WARN_SUSPICIOUS_MOVE = YES;
				CLANG_WARN_UNGUARDED_AVAILABILITY = YES_AGGRESSIVE;
				CLANG_WARN_UNREACHABLE_CODE = YES;
				CLANG_WARN__DUPLICATE_METHOD_MATCH = YES;
				CODE_SIGN_IDENTITY = "iPhone Developer";
				COPY_PHASE_STRIP = NO;
				DEBUG_INFORMATION_FORMAT = "dwarf-with-dsym";
				ENABLE_NS_ASSERTIONS = NO;
				ENABLE_STRICT_OBJC_MSGSEND = YES;
				GCC_C_LANGUAGE_STANDARD = gnu11;
				GCC_NO_COMMON_BLOCKS = YES;
				GCC_WARN_64_TO_32_BIT_CONVERSION = YES;
				GCC_WARN_ABOUT_RETURN_TYPE = YES_ERROR;
				GCC_WARN_UNDECLARED_SELECTOR = YES;
				GCC_WARN_UNINITIALIZED_AUTOS = YES_AGGRESSIVE;
				GCC_WARN_UNUSED_FUNCTION = YES;
				GCC_WARN_UNUSED_VARIABLE = YES;
				IPHONEOS_DEPLOYMENT_TARGET = 9.3;
				MTL_ENABLE_DEBUG_INFO = NO;
				SDKROOT = iphoneos;
				SWIFT_OPTIMIZATION_LEVEL = "-Owholemodule";
				VALIDATE_PRODUCT = YES;
			};
			name = Release;
		};
		EFEF12C520672104000A94CE /* Debug */ = {
			isa = XCBuildConfiguration;
			baseConfigurationReference = 1D110D5CB03261809736D827 /* Pods-PilkadaJateng.debug.xcconfig */;
			buildSettings = {
				ASSETCATALOG_COMPILER_APPICON_NAME = AppIcon;
				CODE_SIGN_STYLE = Automatic;
				DEVELOPMENT_TEAM = SDSLU2QT5X;
				INFOPLIST_FILE = "PilkadaJateng/Supporting Files/Info.plist";
				LD_RUNPATH_SEARCH_PATHS = "$(inherited) @executable_path/Frameworks";
				PRODUCT_BUNDLE_IDENTIFIER = com.pondokios.pilkadajateng;
				PRODUCT_NAME = "$(TARGET_NAME)";
				SWIFT_VERSION = 4.0;
				TARGETED_DEVICE_FAMILY = 1;
			};
			name = Debug;
		};
		EFEF12C620672104000A94CE /* Release */ = {
			isa = XCBuildConfiguration;
			baseConfigurationReference = 6597A4F7890A7B640E8857EB /* Pods-PilkadaJateng.release.xcconfig */;
			buildSettings = {
				ASSETCATALOG_COMPILER_APPICON_NAME = AppIcon;
				CODE_SIGN_STYLE = Automatic;
				DEVELOPMENT_TEAM = SDSLU2QT5X;
				INFOPLIST_FILE = "PilkadaJateng/Supporting Files/Info.plist";
				LD_RUNPATH_SEARCH_PATHS = "$(inherited) @executable_path/Frameworks";
				PRODUCT_BUNDLE_IDENTIFIER = com.pondokios.pilkadajateng;
				PRODUCT_NAME = "$(TARGET_NAME)";
				SWIFT_VERSION = 4.0;
				TARGETED_DEVICE_FAMILY = 1;
			};
			name = Release;
		};
		EFEF12C820672104000A94CE /* Debug */ = {
			isa = XCBuildConfiguration;
			baseConfigurationReference = E0AC20D403F1259AECA2D926 /* Pods-PilkadaJatengTests.debug.xcconfig */;
			buildSettings = {
				ALWAYS_EMBED_SWIFT_STANDARD_LIBRARIES = YES;
				BUNDLE_LOADER = "$(TEST_HOST)";
				CODE_SIGN_STYLE = Automatic;
				DEVELOPMENT_TEAM = SDSLU2QT5X;
				INFOPLIST_FILE = PilkadaJatengTests/Info.plist;
				LD_RUNPATH_SEARCH_PATHS = "$(inherited) @executable_path/Frameworks @loader_path/Frameworks";
				PRODUCT_BUNDLE_IDENTIFIER = com.pondokios.PilkadaJatengTests;
				PRODUCT_NAME = "$(TARGET_NAME)";
				SWIFT_VERSION = 4.0;
				TARGETED_DEVICE_FAMILY = "1,2";
				TEST_HOST = "$(BUILT_PRODUCTS_DIR)/PilkadaJateng.app/PilkadaJateng";
			};
			name = Debug;
		};
		EFEF12C920672104000A94CE /* Release */ = {
			isa = XCBuildConfiguration;
			baseConfigurationReference = EC74C13A84C352229226CACA /* Pods-PilkadaJatengTests.release.xcconfig */;
			buildSettings = {
				ALWAYS_EMBED_SWIFT_STANDARD_LIBRARIES = YES;
				BUNDLE_LOADER = "$(TEST_HOST)";
				CODE_SIGN_STYLE = Automatic;
				DEVELOPMENT_TEAM = SDSLU2QT5X;
				INFOPLIST_FILE = PilkadaJatengTests/Info.plist;
				LD_RUNPATH_SEARCH_PATHS = "$(inherited) @executable_path/Frameworks @loader_path/Frameworks";
				PRODUCT_BUNDLE_IDENTIFIER = com.pondokios.PilkadaJatengTests;
				PRODUCT_NAME = "$(TARGET_NAME)";
				SWIFT_VERSION = 4.0;
				TARGETED_DEVICE_FAMILY = "1,2";
				TEST_HOST = "$(BUILT_PRODUCTS_DIR)/PilkadaJateng.app/PilkadaJateng";
			};
			name = Release;
		};
		EFEF12CB20672104000A94CE /* Debug */ = {
			isa = XCBuildConfiguration;
			baseConfigurationReference = F5E95F40A39F52A6C8AA4C5F /* Pods-PilkadaJatengUITests.debug.xcconfig */;
			buildSettings = {
				ALWAYS_EMBED_SWIFT_STANDARD_LIBRARIES = YES;
				CODE_SIGN_STYLE = Automatic;
				DEVELOPMENT_TEAM = SDSLU2QT5X;
				INFOPLIST_FILE = PilkadaJatengUITests/Info.plist;
				LD_RUNPATH_SEARCH_PATHS = "$(inherited) @executable_path/Frameworks @loader_path/Frameworks";
				PRODUCT_BUNDLE_IDENTIFIER = com.pondokios.PilkadaJatengUITests;
				PRODUCT_NAME = "$(TARGET_NAME)";
				SWIFT_VERSION = 4.0;
				TARGETED_DEVICE_FAMILY = "1,2";
				TEST_TARGET_NAME = PilkadaJateng;
			};
			name = Debug;
		};
		EFEF12CC20672104000A94CE /* Release */ = {
			isa = XCBuildConfiguration;
			baseConfigurationReference = 65FCBD0DF66B08DE0F2BD05E /* Pods-PilkadaJatengUITests.release.xcconfig */;
			buildSettings = {
				ALWAYS_EMBED_SWIFT_STANDARD_LIBRARIES = YES;
				CODE_SIGN_STYLE = Automatic;
				DEVELOPMENT_TEAM = SDSLU2QT5X;
				INFOPLIST_FILE = PilkadaJatengUITests/Info.plist;
				LD_RUNPATH_SEARCH_PATHS = "$(inherited) @executable_path/Frameworks @loader_path/Frameworks";
				PRODUCT_BUNDLE_IDENTIFIER = com.pondokios.PilkadaJatengUITests;
				PRODUCT_NAME = "$(TARGET_NAME)";
				SWIFT_VERSION = 4.0;
				TARGETED_DEVICE_FAMILY = "1,2";
				TEST_TARGET_NAME = PilkadaJateng;
			};
			name = Release;
		};
/* End XCBuildConfiguration section */

/* Begin XCConfigurationList section */
		EFEF129720672103000A94CE /* Build configuration list for PBXProject "PilkadaJateng" */ = {
			isa = XCConfigurationList;
			buildConfigurations = (
				EFEF12C220672104000A94CE /* Debug */,
				EFEF12C320672104000A94CE /* Release */,
			);
			defaultConfigurationIsVisible = 0;
			defaultConfigurationName = Release;
		};
		EFEF12C420672104000A94CE /* Build configuration list for PBXNativeTarget "PilkadaJateng" */ = {
			isa = XCConfigurationList;
			buildConfigurations = (
				EFEF12C520672104000A94CE /* Debug */,
				EFEF12C620672104000A94CE /* Release */,
			);
			defaultConfigurationIsVisible = 0;
			defaultConfigurationName = Release;
		};
		EFEF12C720672104000A94CE /* Build configuration list for PBXNativeTarget "PilkadaJatengTests" */ = {
			isa = XCConfigurationList;
			buildConfigurations = (
				EFEF12C820672104000A94CE /* Debug */,
				EFEF12C920672104000A94CE /* Release */,
			);
			defaultConfigurationIsVisible = 0;
			defaultConfigurationName = Release;
		};
		EFEF12CA20672104000A94CE /* Build configuration list for PBXNativeTarget "PilkadaJatengUITests" */ = {
			isa = XCConfigurationList;
			buildConfigurations = (
				EFEF12CB20672104000A94CE /* Debug */,
				EFEF12CC20672104000A94CE /* Release */,
			);
			defaultConfigurationIsVisible = 0;
			defaultConfigurationName = Release;
		};
/* End XCConfigurationList section */
	};
	rootObject = EFEF129420672103000A94CE /* Project object */;
}
